// !$*UTF8*$!
{
	archiveVersion = 1;
	classes = {
	};
	objectVersion = 46;
	objects = {

/* Begin PBXBuildFile section */
		271E78B11B9F83710063ECAE /* device.cpp in Sources */ = {isa = PBXBuildFile; fileRef = 271E78AF1B9F83710063ECAE /* device.cpp */; };
		271E78B21B9F83710063ECAE /* device.h in Headers */ = {isa = PBXBuildFile; fileRef = 271E78B01B9F83710063ECAE /* device.h */; };
		273DEE581C503F05004A1AD6 /* log.cpp in Sources */ = {isa = PBXBuildFile; fileRef = 273DEE571C503F05004A1AD6 /* log.cpp */; };
		2774067B1C5AEE160032830E /* sync.cpp in Sources */ = {isa = PBXBuildFile; fileRef = 2774067A1C5AEE160032830E /* sync.cpp */; };
		2774067D1C5AEE1B0032830E /* sync.h in Headers */ = {isa = PBXBuildFile; fileRef = 2774067C1C5AEE1B0032830E /* sync.h */; };
		279985841B95074500894334 /* libusb-1.0.0.dylib in Frameworks */ = {isa = PBXBuildFile; fileRef = 279985831B95074500894334 /* libusb-1.0.0.dylib */; };
		279985A31B964EFF00894334 /* uvc.h in Headers */ = {isa = PBXBuildFile; fileRef = 279985A11B964EFF00894334 /* uvc.h */; };
		279D52AD1B8E8678007F2D73 /* context.cpp in Sources */ = {isa = PBXBuildFile; fileRef = 279D529B1B8E8678007F2D73 /* context.cpp */; };
		279D52AE1B8E8678007F2D73 /* context.h in Headers */ = {isa = PBXBuildFile; fileRef = 279D529C1B8E8678007F2D73 /* context.h */; };
		279D52B11B8E8678007F2D73 /* f200.cpp in Sources */ = {isa = PBXBuildFile; fileRef = 279D529F1B8E8678007F2D73 /* f200.cpp */; };
		279D52B21B8E8678007F2D73 /* f200.h in Headers */ = {isa = PBXBuildFile; fileRef = 279D52A01B8E8678007F2D73 /* f200.h */; };
		279D52B31B8E8678007F2D73 /* image.cpp in Sources */ = {isa = PBXBuildFile; fileRef = 279D52A11B8E8678007F2D73 /* image.cpp */; };
		279D52B41B8E8678007F2D73 /* image.h in Headers */ = {isa = PBXBuildFile; fileRef = 279D52A21B8E8678007F2D73 /* image.h */; };
		279D52B71B8E8678007F2D73 /* r200.cpp in Sources */ = {isa = PBXBuildFile; fileRef = 279D52A51B8E8678007F2D73 /* r200.cpp */; };
		279D52B81B8E8678007F2D73 /* r200.h in Headers */ = {isa = PBXBuildFile; fileRef = 279D52A61B8E8678007F2D73 /* r200.h */; };
		279D52B91B8E8678007F2D73 /* rs.cpp in Sources */ = {isa = PBXBuildFile; fileRef = 279D52A71B8E8678007F2D73 /* rs.cpp */; };
		279D52BA1B8E8678007F2D73 /* types.cpp in Sources */ = {isa = PBXBuildFile; fileRef = 279D52A81B8E8678007F2D73 /* types.cpp */; };
		279D52BB1B8E8678007F2D73 /* types.h in Headers */ = {isa = PBXBuildFile; fileRef = 279D52A91B8E8678007F2D73 /* types.h */; };
		279D52BC1B8E8678007F2D73 /* verify.c in Sources */ = {isa = PBXBuildFile; fileRef = 279D52AA1B8E8678007F2D73 /* verify.c */; };
		279D52E41B90FD4E007F2D73 /* rs.h in Headers */ = {isa = PBXBuildFile; fileRef = 279D52E11B90FD4E007F2D73 /* rs.h */; };
		279D52E51B90FD4E007F2D73 /* rs.hpp in Headers */ = {isa = PBXBuildFile; fileRef = 279D52E21B90FD4E007F2D73 /* rs.hpp */; };
		279D52E61B90FD4E007F2D73 /* rsutil.h in Headers */ = {isa = PBXBuildFile; fileRef = 279D52E31B90FD4E007F2D73 /* rsutil.h */; };
		27B9FE7E1BFBE46D0095505F /* stream.cpp in Sources */ = {isa = PBXBuildFile; fileRef = 27B9FE7C1BFBE46D0095505F /* stream.cpp */; };
		27B9FE7F1BFBE46D0095505F /* stream.h in Headers */ = {isa = PBXBuildFile; fileRef = 27B9FE7D1BFBE46D0095505F /* stream.h */; };
		6D804AB11D37E69100156CBA /* archive.cpp in Sources */ = {isa = PBXBuildFile; fileRef = 6D804A9D1D37E69100156CBA /* archive.cpp */; };
		6D804AB21D37E69100156CBA /* archive.h in Headers */ = {isa = PBXBuildFile; fileRef = 6D804A9E1D37E69100156CBA /* archive.h */; };
		6D804AB31D37E69100156CBA /* ds-device.cpp in Sources */ = {isa = PBXBuildFile; fileRef = 6D804A9F1D37E69100156CBA /* ds-device.cpp */; };
		6D804AB41D37E69100156CBA /* ds-device.h in Headers */ = {isa = PBXBuildFile; fileRef = 6D804AA01D37E69100156CBA /* ds-device.h */; };
		6D804AB51D37E69100156CBA /* ds-private.cpp in Sources */ = {isa = PBXBuildFile; fileRef = 6D804AA11D37E69100156CBA /* ds-private.cpp */; };
		6D804AB61D37E69100156CBA /* ds-private.h in Headers */ = {isa = PBXBuildFile; fileRef = 6D804AA21D37E69100156CBA /* ds-private.h */; };
		6D804AB71D37E69100156CBA /* hw-monitor.cpp in Sources */ = {isa = PBXBuildFile; fileRef = 6D804AA31D37E69100156CBA /* hw-monitor.cpp */; };
		6D804AB81D37E69100156CBA /* hw-monitor.h in Headers */ = {isa = PBXBuildFile; fileRef = 6D804AA41D37E69100156CBA /* hw-monitor.h */; };
		6D804AB91D37E69100156CBA /* ivcam-device.cpp in Sources */ = {isa = PBXBuildFile; fileRef = 6D804AA51D37E69100156CBA /* ivcam-device.cpp */; };
		6D804ABA1D37E69100156CBA /* ivcam-device.h in Headers */ = {isa = PBXBuildFile; fileRef = 6D804AA61D37E69100156CBA /* ivcam-device.h */; };
		6D804ABB1D37E69100156CBA /* ivcam-private.cpp in Sources */ = {isa = PBXBuildFile; fileRef = 6D804AA71D37E69100156CBA /* ivcam-private.cpp */; };
		6D804ABC1D37E69100156CBA /* ivcam-private.h in Headers */ = {isa = PBXBuildFile; fileRef = 6D804AA81D37E69100156CBA /* ivcam-private.h */; };
		6D804ABD1D37E69100156CBA /* motion-module.cpp in Sources */ = {isa = PBXBuildFile; fileRef = 6D804AA91D37E69100156CBA /* motion-module.cpp */; };
		6D804ABE1D37E69100156CBA /* motion-module.h in Headers */ = {isa = PBXBuildFile; fileRef = 6D804AAA1D37E69100156CBA /* motion-module.h */; };
		6D804ABF1D37E69100156CBA /* sr300.cpp in Sources */ = {isa = PBXBuildFile; fileRef = 6D804AAB1D37E69100156CBA /* sr300.cpp */; };
		6D804AC01D37E69100156CBA /* sr300.h in Headers */ = {isa = PBXBuildFile; fileRef = 6D804AAC1D37E69100156CBA /* sr300.h */; };
		6D804AC11D37E69100156CBA /* timestamps.cpp in Sources */ = {isa = PBXBuildFile; fileRef = 6D804AAD1D37E69100156CBA /* timestamps.cpp */; };
		6D804AC21D37E69100156CBA /* timestamps.h in Headers */ = {isa = PBXBuildFile; fileRef = 6D804AAE1D37E69100156CBA /* timestamps.h */; };
		6D804AC31D37E69100156CBA /* zr300.cpp in Sources */ = {isa = PBXBuildFile; fileRef = 6D804AAF1D37E69100156CBA /* zr300.cpp */; };
		6D804AC41D37E69100156CBA /* zr300.h in Headers */ = {isa = PBXBuildFile; fileRef = 6D804AB01D37E69100156CBA /* zr300.h */; };
		8C7307131BE03102003BB7DE /* ctrl.c in Sources */ = {isa = PBXBuildFile; fileRef = 8C7307091BE03102003BB7DE /* ctrl.c */; };
		8C7307141BE03102003BB7DE /* dev.c in Sources */ = {isa = PBXBuildFile; fileRef = 8C73070A1BE03102003BB7DE /* dev.c */; };
		8C7307151BE03102003BB7DE /* diag.c in Sources */ = {isa = PBXBuildFile; fileRef = 8C73070B1BE03102003BB7DE /* diag.c */; };
		8C7307161BE03102003BB7DE /* frame.c in Sources */ = {isa = PBXBuildFile; fileRef = 8C73070C1BE03102003BB7DE /* frame.c */; };
		8C7307171BE03102003BB7DE /* init.c in Sources */ = {isa = PBXBuildFile; fileRef = 8C73070D1BE03102003BB7DE /* init.c */; };
		8C7307181BE03102003BB7DE /* libuvc_config.h in Headers */ = {isa = PBXBuildFile; fileRef = 8C73070E1BE03102003BB7DE /* libuvc_config.h */; };
		8C7307191BE03102003BB7DE /* libuvc_internal.h in Headers */ = {isa = PBXBuildFile; fileRef = 8C73070F1BE03102003BB7DE /* libuvc_internal.h */; };
		8C73071A1BE03102003BB7DE /* libuvc.h in Headers */ = {isa = PBXBuildFile; fileRef = 8C7307101BE03102003BB7DE /* libuvc.h */; };
		8C73071B1BE03102003BB7DE /* stream.c in Sources */ = {isa = PBXBuildFile; fileRef = 8C7307111BE03102003BB7DE /* stream.c */; };
		8C73071C1BE03102003BB7DE /* utlist.h in Headers */ = {isa = PBXBuildFile; fileRef = 8C7307121BE03102003BB7DE /* utlist.h */; };
		8C7307211BE03131003BB7DE /* uvc-libuvc.cpp in Sources */ = {isa = PBXBuildFile; fileRef = 8C73071D1BE03131003BB7DE /* uvc-libuvc.cpp */; };
		8C7307221BE03131003BB7DE /* uvc-v4l2.cpp in Sources */ = {isa = PBXBuildFile; fileRef = 8C73071E1BE03131003BB7DE /* uvc-v4l2.cpp */; };
		8C7307231BE03131003BB7DE /* uvc-wmf.cpp in Sources */ = {isa = PBXBuildFile; fileRef = 8C73071F1BE03131003BB7DE /* uvc-wmf.cpp */; };
		8C7307241BE03131003BB7DE /* uvc.cpp in Sources */ = {isa = PBXBuildFile; fileRef = 8C7307201BE03131003BB7DE /* uvc.cpp */; };
/* End PBXBuildFile section */

/* Begin PBXFileReference section */
		08567BC41B5B5A0200EB6C0D /* librealsense.dylib */ = {isa = PBXFileReference; explicitFileType = archive.ar; includeInIndex = 0; path = librealsense.dylib; sourceTree = BUILT_PRODUCTS_DIR; };
		271E78AF1B9F83710063ECAE /* device.cpp */ = {isa = PBXFileReference; fileEncoding = 4; lastKnownFileType = sourcecode.cpp.cpp; name = device.cpp; path = ../src/device.cpp; sourceTree = SOURCE_ROOT; };
		271E78B01B9F83710063ECAE /* device.h */ = {isa = PBXFileReference; fileEncoding = 4; lastKnownFileType = sourcecode.c.h; name = device.h; path = ../src/device.h; sourceTree = SOURCE_ROOT; };
		273DEE571C503F05004A1AD6 /* log.cpp */ = {isa = PBXFileReference; fileEncoding = 4; lastKnownFileType = sourcecode.cpp.cpp; name = log.cpp; path = ../src/log.cpp; sourceTree = "<group>"; };
		2774067A1C5AEE160032830E /* sync.cpp */ = {isa = PBXFileReference; fileEncoding = 4; lastKnownFileType = sourcecode.cpp.cpp; name = sync.cpp; path = ../src/sync.cpp; sourceTree = "<group>"; };
		2774067C1C5AEE1B0032830E /* sync.h */ = {isa = PBXFileReference; fileEncoding = 4; lastKnownFileType = sourcecode.c.h; name = sync.h; path = ../src/sync.h; sourceTree = "<group>"; };
		279985831B95074500894334 /* libusb-1.0.0.dylib */ = {isa = PBXFileReference; lastKnownFileType = "compiled.mach-o.dylib"; name = "libusb-1.0.0.dylib"; path = "/usr/local/lib/libusb-1.0.0.dylib"; sourceTree = "<absolute>"; };
		279985A11B964EFF00894334 /* uvc.h */ = {isa = PBXFileReference; fileEncoding = 4; lastKnownFileType = sourcecode.c.h; name = uvc.h; path = ../src/uvc.h; sourceTree = SOURCE_ROOT; };
		279D529B1B8E8678007F2D73 /* context.cpp */ = {isa = PBXFileReference; fileEncoding = 4; lastKnownFileType = sourcecode.cpp.cpp; name = context.cpp; path = ../src/context.cpp; sourceTree = SOURCE_ROOT; };
		279D529C1B8E8678007F2D73 /* context.h */ = {isa = PBXFileReference; fileEncoding = 4; lastKnownFileType = sourcecode.c.h; name = context.h; path = ../src/context.h; sourceTree = SOURCE_ROOT; };
		279D529F1B8E8678007F2D73 /* f200.cpp */ = {isa = PBXFileReference; fileEncoding = 4; lastKnownFileType = sourcecode.cpp.cpp; name = f200.cpp; path = ../src/f200.cpp; sourceTree = SOURCE_ROOT; };
		279D52A01B8E8678007F2D73 /* f200.h */ = {isa = PBXFileReference; fileEncoding = 4; lastKnownFileType = sourcecode.c.h; name = f200.h; path = ../src/f200.h; sourceTree = SOURCE_ROOT; };
		279D52A11B8E8678007F2D73 /* image.cpp */ = {isa = PBXFileReference; fileEncoding = 4; lastKnownFileType = sourcecode.cpp.cpp; name = image.cpp; path = ../src/image.cpp; sourceTree = SOURCE_ROOT; };
		279D52A21B8E8678007F2D73 /* image.h */ = {isa = PBXFileReference; fileEncoding = 4; lastKnownFileType = sourcecode.c.h; name = image.h; path = ../src/image.h; sourceTree = SOURCE_ROOT; };
		279D52A51B8E8678007F2D73 /* r200.cpp */ = {isa = PBXFileReference; fileEncoding = 4; lastKnownFileType = sourcecode.cpp.cpp; name = r200.cpp; path = ../src/r200.cpp; sourceTree = SOURCE_ROOT; };
		279D52A61B8E8678007F2D73 /* r200.h */ = {isa = PBXFileReference; fileEncoding = 4; lastKnownFileType = sourcecode.c.h; name = r200.h; path = ../src/r200.h; sourceTree = SOURCE_ROOT; };
		279D52A71B8E8678007F2D73 /* rs.cpp */ = {isa = PBXFileReference; fileEncoding = 4; lastKnownFileType = sourcecode.cpp.cpp; name = rs.cpp; path = ../src/rs.cpp; sourceTree = SOURCE_ROOT; };
		279D52A81B8E8678007F2D73 /* types.cpp */ = {isa = PBXFileReference; fileEncoding = 4; lastKnownFileType = sourcecode.cpp.cpp; name = types.cpp; path = ../src/types.cpp; sourceTree = SOURCE_ROOT; };
		279D52A91B8E8678007F2D73 /* types.h */ = {isa = PBXFileReference; fileEncoding = 4; lastKnownFileType = sourcecode.c.h; name = types.h; path = ../src/types.h; sourceTree = SOURCE_ROOT; };
		279D52AA1B8E8678007F2D73 /* verify.c */ = {isa = PBXFileReference; fileEncoding = 4; lastKnownFileType = sourcecode.c.c; name = verify.c; path = ../src/verify.c; sourceTree = SOURCE_ROOT; };
		279D52E11B90FD4E007F2D73 /* rs.h */ = {isa = PBXFileReference; fileEncoding = 4; lastKnownFileType = sourcecode.c.h; name = rs.h; path = ../include/librealsense/rs.h; sourceTree = SOURCE_ROOT; };
		279D52E21B90FD4E007F2D73 /* rs.hpp */ = {isa = PBXFileReference; fileEncoding = 4; lastKnownFileType = sourcecode.cpp.h; name = rs.hpp; path = ../include/librealsense/rs.hpp; sourceTree = SOURCE_ROOT; };
		279D52E31B90FD4E007F2D73 /* rsutil.h */ = {isa = PBXFileReference; fileEncoding = 4; lastKnownFileType = sourcecode.c.h; name = rsutil.h; path = ../include/librealsense/rsutil.h; sourceTree = SOURCE_ROOT; };
		27B9FE7C1BFBE46D0095505F /* stream.cpp */ = {isa = PBXFileReference; fileEncoding = 4; lastKnownFileType = sourcecode.cpp.cpp; name = stream.cpp; path = ../src/stream.cpp; sourceTree = "<group>"; };
		27B9FE7D1BFBE46D0095505F /* stream.h */ = {isa = PBXFileReference; fileEncoding = 4; lastKnownFileType = sourcecode.c.h; name = stream.h; path = ../src/stream.h; sourceTree = "<group>"; };
		6D804A9D1D37E69100156CBA /* archive.cpp */ = {isa = PBXFileReference; fileEncoding = 4; lastKnownFileType = sourcecode.cpp.cpp; name = archive.cpp; path = ../src/archive.cpp; sourceTree = "<group>"; };
		6D804A9E1D37E69100156CBA /* archive.h */ = {isa = PBXFileReference; fileEncoding = 4; lastKnownFileType = sourcecode.c.h; name = archive.h; path = ../src/archive.h; sourceTree = "<group>"; };
		6D804A9F1D37E69100156CBA /* ds-device.cpp */ = {isa = PBXFileReference; fileEncoding = 4; lastKnownFileType = sourcecode.cpp.cpp; name = "ds-device.cpp"; path = "../src/ds-device.cpp"; sourceTree = "<group>"; };
		6D804AA01D37E69100156CBA /* ds-device.h */ = {isa = PBXFileReference; fileEncoding = 4; lastKnownFileType = sourcecode.c.h; name = "ds-device.h"; path = "../src/ds-device.h"; sourceTree = "<group>"; };
		6D804AA11D37E69100156CBA /* ds-private.cpp */ = {isa = PBXFileReference; fileEncoding = 4; lastKnownFileType = sourcecode.cpp.cpp; name = "ds-private.cpp"; path = "../src/ds-private.cpp"; sourceTree = "<group>"; };
		6D804AA21D37E69100156CBA /* ds-private.h */ = {isa = PBXFileReference; fileEncoding = 4; lastKnownFileType = sourcecode.c.h; name = "ds-private.h"; path = "../src/ds-private.h"; sourceTree = "<group>"; };
		6D804AA31D37E69100156CBA /* hw-monitor.cpp */ = {isa = PBXFileReference; fileEncoding = 4; lastKnownFileType = sourcecode.cpp.cpp; name = "hw-monitor.cpp"; path = "../src/hw-monitor.cpp"; sourceTree = "<group>"; };
		6D804AA41D37E69100156CBA /* hw-monitor.h */ = {isa = PBXFileReference; fileEncoding = 4; lastKnownFileType = sourcecode.c.h; name = "hw-monitor.h"; path = "../src/hw-monitor.h"; sourceTree = "<group>"; };
		6D804AA51D37E69100156CBA /* ivcam-device.cpp */ = {isa = PBXFileReference; fileEncoding = 4; lastKnownFileType = sourcecode.cpp.cpp; name = "ivcam-device.cpp"; path = "../src/ivcam-device.cpp"; sourceTree = "<group>"; };
		6D804AA61D37E69100156CBA /* ivcam-device.h */ = {isa = PBXFileReference; fileEncoding = 4; lastKnownFileType = sourcecode.c.h; name = "ivcam-device.h"; path = "../src/ivcam-device.h"; sourceTree = "<group>"; };
		6D804AA71D37E69100156CBA /* ivcam-private.cpp */ = {isa = PBXFileReference; fileEncoding = 4; lastKnownFileType = sourcecode.cpp.cpp; name = "ivcam-private.cpp"; path = "../src/ivcam-private.cpp"; sourceTree = "<group>"; };
		6D804AA81D37E69100156CBA /* ivcam-private.h */ = {isa = PBXFileReference; fileEncoding = 4; lastKnownFileType = sourcecode.c.h; name = "ivcam-private.h"; path = "../src/ivcam-private.h"; sourceTree = "<group>"; };
		6D804AA91D37E69100156CBA /* motion-module.cpp */ = {isa = PBXFileReference; fileEncoding = 4; lastKnownFileType = sourcecode.cpp.cpp; name = "motion-module.cpp"; path = "../src/motion-module.cpp"; sourceTree = "<group>"; };
		6D804AAA1D37E69100156CBA /* motion-module.h */ = {isa = PBXFileReference; fileEncoding = 4; lastKnownFileType = sourcecode.c.h; name = "motion-module.h"; path = "../src/motion-module.h"; sourceTree = "<group>"; };
		6D804AAB1D37E69100156CBA /* sr300.cpp */ = {isa = PBXFileReference; fileEncoding = 4; lastKnownFileType = sourcecode.cpp.cpp; name = sr300.cpp; path = ../src/sr300.cpp; sourceTree = "<group>"; };
		6D804AAC1D37E69100156CBA /* sr300.h */ = {isa = PBXFileReference; fileEncoding = 4; lastKnownFileType = sourcecode.c.h; name = sr300.h; path = ../src/sr300.h; sourceTree = "<group>"; };
		6D804AAD1D37E69100156CBA /* timestamps.cpp */ = {isa = PBXFileReference; fileEncoding = 4; lastKnownFileType = sourcecode.cpp.cpp; name = timestamps.cpp; path = ../src/timestamps.cpp; sourceTree = "<group>"; };
		6D804AAE1D37E69100156CBA /* timestamps.h */ = {isa = PBXFileReference; fileEncoding = 4; lastKnownFileType = sourcecode.c.h; name = timestamps.h; path = ../src/timestamps.h; sourceTree = "<group>"; };
		6D804AAF1D37E69100156CBA /* zr300.cpp */ = {isa = PBXFileReference; fileEncoding = 4; lastKnownFileType = sourcecode.cpp.cpp; name = zr300.cpp; path = ../src/zr300.cpp; sourceTree = "<group>"; };
		6D804AB01D37E69100156CBA /* zr300.h */ = {isa = PBXFileReference; fileEncoding = 4; lastKnownFileType = sourcecode.c.h; name = zr300.h; path = ../src/zr300.h; sourceTree = "<group>"; };
		8C7307091BE03102003BB7DE /* ctrl.c */ = {isa = PBXFileReference; fileEncoding = 4; lastKnownFileType = sourcecode.c.c; name = ctrl.c; path = ../src/libuvc/ctrl.c; sourceTree = SOURCE_ROOT; };
		8C73070A1BE03102003BB7DE /* dev.c */ = {isa = PBXFileReference; fileEncoding = 4; lastKnownFileType = sourcecode.c.c; name = dev.c; path = ../src/libuvc/dev.c; sourceTree = SOURCE_ROOT; };
		8C73070B1BE03102003BB7DE /* diag.c */ = {isa = PBXFileReference; fileEncoding = 4; lastKnownFileType = sourcecode.c.c; name = diag.c; path = ../src/libuvc/diag.c; sourceTree = SOURCE_ROOT; };
		8C73070C1BE03102003BB7DE /* frame.c */ = {isa = PBXFileReference; fileEncoding = 4; lastKnownFileType = sourcecode.c.c; name = frame.c; path = ../src/libuvc/frame.c; sourceTree = SOURCE_ROOT; };
		8C73070D1BE03102003BB7DE /* init.c */ = {isa = PBXFileReference; fileEncoding = 4; lastKnownFileType = sourcecode.c.c; name = init.c; path = ../src/libuvc/init.c; sourceTree = SOURCE_ROOT; };
		8C73070E1BE03102003BB7DE /* libuvc_config.h */ = {isa = PBXFileReference; fileEncoding = 4; lastKnownFileType = sourcecode.c.h; name = libuvc_config.h; path = ../src/libuvc/libuvc_config.h; sourceTree = SOURCE_ROOT; };
		8C73070F1BE03102003BB7DE /* libuvc_internal.h */ = {isa = PBXFileReference; fileEncoding = 4; lastKnownFileType = sourcecode.c.h; name = libuvc_internal.h; path = ../src/libuvc/libuvc_internal.h; sourceTree = SOURCE_ROOT; };
		8C7307101BE03102003BB7DE /* libuvc.h */ = {isa = PBXFileReference; fileEncoding = 4; lastKnownFileType = sourcecode.c.h; name = libuvc.h; path = ../src/libuvc/libuvc.h; sourceTree = SOURCE_ROOT; };
		8C7307111BE03102003BB7DE /* stream.c */ = {isa = PBXFileReference; fileEncoding = 4; lastKnownFileType = sourcecode.c.c; name = stream.c; path = ../src/libuvc/stream.c; sourceTree = SOURCE_ROOT; };
		8C7307121BE03102003BB7DE /* utlist.h */ = {isa = PBXFileReference; fileEncoding = 4; lastKnownFileType = sourcecode.c.h; name = utlist.h; path = ../src/libuvc/utlist.h; sourceTree = SOURCE_ROOT; };
		8C73071D1BE03131003BB7DE /* uvc-libuvc.cpp */ = {isa = PBXFileReference; fileEncoding = 4; lastKnownFileType = sourcecode.cpp.cpp; name = "uvc-libuvc.cpp"; path = "../src/uvc-libuvc.cpp"; sourceTree = SOURCE_ROOT; };
		8C73071E1BE03131003BB7DE /* uvc-v4l2.cpp */ = {isa = PBXFileReference; fileEncoding = 4; lastKnownFileType = sourcecode.cpp.cpp; name = "uvc-v4l2.cpp"; path = "../src/uvc-v4l2.cpp"; sourceTree = SOURCE_ROOT; };
		8C73071F1BE03131003BB7DE /* uvc-wmf.cpp */ = {isa = PBXFileReference; fileEncoding = 4; lastKnownFileType = sourcecode.cpp.cpp; name = "uvc-wmf.cpp"; path = "../src/uvc-wmf.cpp"; sourceTree = SOURCE_ROOT; };
		8C7307201BE03131003BB7DE /* uvc.cpp */ = {isa = PBXFileReference; fileEncoding = 4; lastKnownFileType = sourcecode.cpp.cpp; name = uvc.cpp; path = ../src/uvc.cpp; sourceTree = SOURCE_ROOT; };
/* End PBXFileReference section */

/* Begin PBXFrameworksBuildPhase section */
		08567BC11B5B5A0200EB6C0D /* Frameworks */ = {
			isa = PBXFrameworksBuildPhase;
			buildActionMask = 2147483647;
			files = (
				279985841B95074500894334 /* libusb-1.0.0.dylib in Frameworks */,
			);
			runOnlyForDeploymentPostprocessing = 0;
		};
/* End PBXFrameworksBuildPhase section */

/* Begin PBXGroup section */
		08567BBB1B5B5A0200EB6C0D = {
			isa = PBXGroup;
			children = (
				279985851B95074A00894334 /* libs */,
				08567BE61B5B5B2800EB6C0D /* libuvc */,
				08567BC61B5B5A0200EB6C0D /* librealsense */,
				08567BC51B5B5A0200EB6C0D /* Products */,
			);
			sourceTree = "<group>";
		};
		08567BC51B5B5A0200EB6C0D /* Products */ = {
			isa = PBXGroup;
			children = (
				08567BC41B5B5A0200EB6C0D /* librealsense.dylib */,
			);
			name = Products;
			sourceTree = "<group>";
		};
		08567BC61B5B5A0200EB6C0D /* librealsense */ = {
			isa = PBXGroup;
			children = (
				279D52E81B90FD62007F2D73 /* include */,
				279D52E71B90FD53007F2D73 /* src */,
			);
			path = librealsense;
			sourceTree = SOURCE_ROOT;
		};
		08567BE61B5B5B2800EB6C0D /* libuvc */ = {
			isa = PBXGroup;
			children = (
				8C7307091BE03102003BB7DE /* ctrl.c */,
				8C73070A1BE03102003BB7DE /* dev.c */,
				8C73070B1BE03102003BB7DE /* diag.c */,
				8C73070C1BE03102003BB7DE /* frame.c */,
				8C73070D1BE03102003BB7DE /* init.c */,
				8C73070E1BE03102003BB7DE /* libuvc_config.h */,
				8C73070F1BE03102003BB7DE /* libuvc_internal.h */,
				8C7307101BE03102003BB7DE /* libuvc.h */,
				8C7307111BE03102003BB7DE /* stream.c */,
				8C7307121BE03102003BB7DE /* utlist.h */,
			);
			name = libuvc;
			sourceTree = "<group>";
		};
		279985851B95074A00894334 /* libs */ = {
			isa = PBXGroup;
			children = (
				279985831B95074500894334 /* libusb-1.0.0.dylib */,
			);
			name = libs;
			sourceTree = "<group>";
		};
		279D52E71B90FD53007F2D73 /* src */ = {
			isa = PBXGroup;
			children = (
				6D804A9D1D37E69100156CBA /* archive.cpp */,
				6D804A9E1D37E69100156CBA /* archive.h */,
				6D804A9F1D37E69100156CBA /* ds-device.cpp */,
				6D804AA01D37E69100156CBA /* ds-device.h */,
				6D804AA11D37E69100156CBA /* ds-private.cpp */,
				6D804AA21D37E69100156CBA /* ds-private.h */,
				6D804AA31D37E69100156CBA /* hw-monitor.cpp */,
				6D804AA41D37E69100156CBA /* hw-monitor.h */,
				6D804AA51D37E69100156CBA /* ivcam-device.cpp */,
				6D804AA61D37E69100156CBA /* ivcam-device.h */,
				6D804AA71D37E69100156CBA /* ivcam-private.cpp */,
				6D804AA81D37E69100156CBA /* ivcam-private.h */,
				6D804AA91D37E69100156CBA /* motion-module.cpp */,
				6D804AAA1D37E69100156CBA /* motion-module.h */,
				6D804AAB1D37E69100156CBA /* sr300.cpp */,
				6D804AAC1D37E69100156CBA /* sr300.h */,
				6D804AAD1D37E69100156CBA /* timestamps.cpp */,
				6D804AAE1D37E69100156CBA /* timestamps.h */,
				6D804AAF1D37E69100156CBA /* zr300.cpp */,
				6D804AB01D37E69100156CBA /* zr300.h */,
				2774067C1C5AEE1B0032830E /* sync.h */,
				2774067A1C5AEE160032830E /* sync.cpp */,
				273DEE571C503F05004A1AD6 /* log.cpp */,
				27B9FE7C1BFBE46D0095505F /* stream.cpp */,
				27B9FE7D1BFBE46D0095505F /* stream.h */,
				8C73071D1BE03131003BB7DE /* uvc-libuvc.cpp */,
				8C73071E1BE03131003BB7DE /* uvc-v4l2.cpp */,
				8C73071F1BE03131003BB7DE /* uvc-wmf.cpp */,
				279985A11B964EFF00894334 /* uvc.h */,
				8C7307201BE03131003BB7DE /* uvc.cpp */,
				271E78AF1B9F83710063ECAE /* device.cpp */,
				271E78B01B9F83710063ECAE /* device.h */,
				279D529B1B8E8678007F2D73 /* context.cpp */,
				279D529C1B8E8678007F2D73 /* context.h */,
				279D529F1B8E8678007F2D73 /* f200.cpp */,
				279D52A01B8E8678007F2D73 /* f200.h */,
				279D52A11B8E8678007F2D73 /* image.cpp */,
				279D52A21B8E8678007F2D73 /* image.h */,
				279D52A51B8E8678007F2D73 /* r200.cpp */,
				279D52A61B8E8678007F2D73 /* r200.h */,
				279D52A71B8E8678007F2D73 /* rs.cpp */,
				279D52A81B8E8678007F2D73 /* types.cpp */,
				279D52A91B8E8678007F2D73 /* types.h */,
				279D52AA1B8E8678007F2D73 /* verify.c */,
			);
			name = src;
			sourceTree = SOURCE_ROOT;
		};
		279D52E81B90FD62007F2D73 /* include */ = {
			isa = PBXGroup;
			children = (
				279D52E11B90FD4E007F2D73 /* rs.h */,
				279D52E21B90FD4E007F2D73 /* rs.hpp */,
				279D52E31B90FD4E007F2D73 /* rsutil.h */,
			);
			name = include;
			path = ..;
			sourceTree = SOURCE_ROOT;
		};
/* End PBXGroup section */

/* Begin PBXHeadersBuildPhase section */
		08567BC21B5B5A0200EB6C0D /* Headers */ = {
			isa = PBXHeadersBuildPhase;
			buildActionMask = 2147483647;
			files = (
				279D52B81B8E8678007F2D73 /* r200.h in Headers */,
				6D804ABC1D37E69100156CBA /* ivcam-private.h in Headers */,
				279D52E51B90FD4E007F2D73 /* rs.hpp in Headers */,
				8C73071C1BE03102003BB7DE /* utlist.h in Headers */,
				6D804AC21D37E69100156CBA /* timestamps.h in Headers */,
				6D804ABA1D37E69100156CBA /* ivcam-device.h in Headers */,
				27B9FE7F1BFBE46D0095505F /* stream.h in Headers */,
				279D52BB1B8E8678007F2D73 /* types.h in Headers */,
				6D804AC41D37E69100156CBA /* zr300.h in Headers */,
				8C7307191BE03102003BB7DE /* libuvc_internal.h in Headers */,
				279D52B21B8E8678007F2D73 /* f200.h in Headers */,
				279D52B41B8E8678007F2D73 /* image.h in Headers */,
				279D52E41B90FD4E007F2D73 /* rs.h in Headers */,
				6D804AB41D37E69100156CBA /* ds-device.h in Headers */,
				6D804AB81D37E69100156CBA /* hw-monitor.h in Headers */,
				279985A31B964EFF00894334 /* uvc.h in Headers */,
				279D52E61B90FD4E007F2D73 /* rsutil.h in Headers */,
				6D804AB21D37E69100156CBA /* archive.h in Headers */,
				8C73071A1BE03102003BB7DE /* libuvc.h in Headers */,
				2774067D1C5AEE1B0032830E /* sync.h in Headers */,
				279D52AE1B8E8678007F2D73 /* context.h in Headers */,
				271E78B21B9F83710063ECAE /* device.h in Headers */,
				6D804AB61D37E69100156CBA /* ds-private.h in Headers */,
				6D804AC01D37E69100156CBA /* sr300.h in Headers */,
				6D804ABE1D37E69100156CBA /* motion-module.h in Headers */,
				8C7307181BE03102003BB7DE /* libuvc_config.h in Headers */,
			);
			runOnlyForDeploymentPostprocessing = 0;
		};
/* End PBXHeadersBuildPhase section */

/* Begin PBXNativeTarget section */
		08567BC31B5B5A0200EB6C0D /* librealsense */ = {
			isa = PBXNativeTarget;
			buildConfigurationList = 08567BCF1B5B5A0200EB6C0D /* Build configuration list for PBXNativeTarget "librealsense" */;
			buildPhases = (
				08567BC01B5B5A0200EB6C0D /* Sources */,
				08567BC11B5B5A0200EB6C0D /* Frameworks */,
				08567BC21B5B5A0200EB6C0D /* Headers */,
			);
			buildRules = (
			);
			dependencies = (
			);
			name = librealsense;
			productName = librealsense;
			productReference = 08567BC41B5B5A0200EB6C0D /* librealsense.dylib */;
			productType = "com.apple.product-type.library.static";
		};
/* End PBXNativeTarget section */

/* Begin PBXProject section */
		08567BBC1B5B5A0200EB6C0D /* Project object */ = {
			isa = PBXProject;
			attributes = {
				LastUpgradeCheck = 0640;
				ORGANIZATIONNAME = "Dimitri Diakopoulos";
				TargetAttributes = {
					08567BC31B5B5A0200EB6C0D = {
						CreatedOnToolsVersion = 6.2;
					};
				};
			};
			buildConfigurationList = 08567BBF1B5B5A0200EB6C0D /* Build configuration list for PBXProject "librealsense" */;
			compatibilityVersion = "Xcode 3.2";
			developmentRegion = English;
			hasScannedForEncodings = 0;
			knownRegions = (
				en,
			);
			mainGroup = 08567BBB1B5B5A0200EB6C0D;
			productRefGroup = 08567BC51B5B5A0200EB6C0D /* Products */;
			projectDirPath = "";
			projectRoot = "";
			targets = (
				08567BC31B5B5A0200EB6C0D /* librealsense */,
			);
		};
/* End PBXProject section */

/* Begin PBXSourcesBuildPhase section */
		08567BC01B5B5A0200EB6C0D /* Sources */ = {
			isa = PBXSourcesBuildPhase;
			buildActionMask = 2147483647;
			files = (
				6D804AB11D37E69100156CBA /* archive.cpp in Sources */,
				8C7307161BE03102003BB7DE /* frame.c in Sources */,
				8C7307151BE03102003BB7DE /* diag.c in Sources */,
				273DEE581C503F05004A1AD6 /* log.cpp in Sources */,
				2774067B1C5AEE160032830E /* sync.cpp in Sources */,
				8C7307241BE03131003BB7DE /* uvc.cpp in Sources */,
				6D804AB51D37E69100156CBA /* ds-private.cpp in Sources */,
				6D804AB31D37E69100156CBA /* ds-device.cpp in Sources */,
				8C7307211BE03131003BB7DE /* uvc-libuvc.cpp in Sources */,
				279D52BC1B8E8678007F2D73 /* verify.c in Sources */,
				6D804AC11D37E69100156CBA /* timestamps.cpp in Sources */,
				8C7307221BE03131003BB7DE /* uvc-v4l2.cpp in Sources */,
				279D52B71B8E8678007F2D73 /* r200.cpp in Sources */,
				6D804AB91D37E69100156CBA /* ivcam-device.cpp in Sources */,
				8C7307231BE03131003BB7DE /* uvc-wmf.cpp in Sources */,
				279D52B11B8E8678007F2D73 /* f200.cpp in Sources */,
				6D804AB71D37E69100156CBA /* hw-monitor.cpp in Sources */,
				6D804AC31D37E69100156CBA /* zr300.cpp in Sources */,
				279D52B31B8E8678007F2D73 /* image.cpp in Sources */,
				8C7307141BE03102003BB7DE /* dev.c in Sources */,
				279D52B91B8E8678007F2D73 /* rs.cpp in Sources */,
				279D52AD1B8E8678007F2D73 /* context.cpp in Sources */,
				8C73071B1BE03102003BB7DE /* stream.c in Sources */,
				8C7307171BE03102003BB7DE /* init.c in Sources */,
				6D804ABB1D37E69100156CBA /* ivcam-private.cpp in Sources */,
				8C7307131BE03102003BB7DE /* ctrl.c in Sources */,
				271E78B11B9F83710063ECAE /* device.cpp in Sources */,
				6D804ABF1D37E69100156CBA /* sr300.cpp in Sources */,
				279D52BA1B8E8678007F2D73 /* types.cpp in Sources */,
				27B9FE7E1BFBE46D0095505F /* stream.cpp in Sources */,
				6D804ABD1D37E69100156CBA /* motion-module.cpp in Sources */,
			);
			runOnlyForDeploymentPostprocessing = 0;
		};
/* End PBXSourcesBuildPhase section */

/* Begin XCBuildConfiguration section */
		08567BCD1B5B5A0200EB6C0D /* Debug */ = {
			isa = XCBuildConfiguration;
			buildSettings = {
				ALWAYS_SEARCH_USER_PATHS = NO;
				CLANG_CXX_LANGUAGE_STANDARD = "gnu++0x";
				CLANG_CXX_LIBRARY = "libc++";
				CLANG_ENABLE_MODULES = YES;
				CLANG_ENABLE_OBJC_ARC = YES;
				CLANG_WARN_BOOL_CONVERSION = YES;
				CLANG_WARN_CONSTANT_CONVERSION = YES;
				CLANG_WARN_DIRECT_OBJC_ISA_USAGE = YES_ERROR;
				CLANG_WARN_EMPTY_BODY = YES;
				CLANG_WARN_ENUM_CONVERSION = YES;
				CLANG_WARN_INT_CONVERSION = YES;
				CLANG_WARN_OBJC_ROOT_CLASS = YES_ERROR;
				CLANG_WARN_UNREACHABLE_CODE = YES;
				CLANG_WARN__DUPLICATE_METHOD_MATCH = YES;
				COPY_PHASE_STRIP = NO;
				ENABLE_STRICT_OBJC_MSGSEND = YES;
				GCC_C_LANGUAGE_STANDARD = gnu99;
				GCC_DYNAMIC_NO_PIC = NO;
				GCC_OPTIMIZATION_LEVEL = 0;
				GCC_PREPROCESSOR_DEFINITIONS = (
					"DEBUG=1",
					"$(inherited)",
				);
				GCC_SYMBOLS_PRIVATE_EXTERN = NO;
				GCC_WARN_64_TO_32_BIT_CONVERSION = YES;
				GCC_WARN_ABOUT_RETURN_TYPE = YES_ERROR;
				GCC_WARN_UNDECLARED_SELECTOR = YES;
				GCC_WARN_UNINITIALIZED_AUTOS = YES_AGGRESSIVE;
				GCC_WARN_UNUSED_FUNCTION = YES;
				GCC_WARN_UNUSED_VARIABLE = YES;
				HEADER_SEARCH_PATHS = (
					"$(inherited)",
					/Applications/Xcode.app/Contents/Developer/Toolchains/XcodeDefault.xctoolchain/usr/include,
					"$(SRCROOT)/../third_party/libuvc/include",
					/usr/local/include,
				);
				LIBRARY_SEARCH_PATHS = /usr/local/lib;
				MACH_O_TYPE = mh_dylib;
				MACOSX_DEPLOYMENT_TARGET = 10.10;
				MTL_ENABLE_DEBUG_INFO = YES;
				ONLY_ACTIVE_ARCH = YES;
				SDKROOT = macosx;
			};
			name = Debug;
		};
		08567BCE1B5B5A0200EB6C0D /* Release */ = {
			isa = XCBuildConfiguration;
			buildSettings = {
				ALWAYS_SEARCH_USER_PATHS = NO;
				CLANG_CXX_LANGUAGE_STANDARD = "gnu++0x";
				CLANG_CXX_LIBRARY = "libc++";
				CLANG_ENABLE_MODULES = YES;
				CLANG_ENABLE_OBJC_ARC = YES;
				CLANG_WARN_BOOL_CONVERSION = YES;
				CLANG_WARN_CONSTANT_CONVERSION = YES;
				CLANG_WARN_DIRECT_OBJC_ISA_USAGE = YES_ERROR;
				CLANG_WARN_EMPTY_BODY = YES;
				CLANG_WARN_ENUM_CONVERSION = YES;
				CLANG_WARN_INT_CONVERSION = YES;
				CLANG_WARN_OBJC_ROOT_CLASS = YES_ERROR;
				CLANG_WARN_UNREACHABLE_CODE = YES;
				CLANG_WARN__DUPLICATE_METHOD_MATCH = YES;
				COPY_PHASE_STRIP = NO;
				DEBUG_INFORMATION_FORMAT = "dwarf-with-dsym";
				ENABLE_NS_ASSERTIONS = NO;
				ENABLE_STRICT_OBJC_MSGSEND = YES;
				GCC_C_LANGUAGE_STANDARD = gnu99;
				GCC_WARN_64_TO_32_BIT_CONVERSION = YES;
				GCC_WARN_ABOUT_RETURN_TYPE = YES_ERROR;
				GCC_WARN_UNDECLARED_SELECTOR = YES;
				GCC_WARN_UNINITIALIZED_AUTOS = YES_AGGRESSIVE;
				GCC_WARN_UNUSED_FUNCTION = YES;
				GCC_WARN_UNUSED_VARIABLE = YES;
				HEADER_SEARCH_PATHS = (
					"$(inherited)",
					/Applications/Xcode.app/Contents/Developer/Toolchains/XcodeDefault.xctoolchain/usr/include,
					"$(SRCROOT)/../third_party/libuvc/include",
					/usr/local/include,
				);
				LIBRARY_SEARCH_PATHS = /usr/local/lib;
				MACH_O_TYPE = mh_dylib;
				MACOSX_DEPLOYMENT_TARGET = 10.10;
				MTL_ENABLE_DEBUG_INFO = NO;
				SDKROOT = macosx;
			};
			name = Release;
		};
		08567BD01B5B5A0200EB6C0D /* Debug */ = {
			isa = XCBuildConfiguration;
			buildSettings = {
				COMBINE_HIDPI_IMAGES = YES;
				EXECUTABLE_EXTENSION = dylib;
				EXECUTABLE_PREFIX = "";
				GCC_ENABLE_CPP_EXCEPTIONS = YES;
				GCC_ENABLE_CPP_RTTI = YES;
				GCC_PREPROCESSOR_DEFINITIONS = (
					RS_USE_LIBUVC_BACKEND,
					"DEBUG=1",
				);
				GCC_SYMBOLS_PRIVATE_EXTERN = NO;
				HEADER_SEARCH_PATHS = (
					"$(inherited)",
					"$(SRCROOT)/../include/**",
					"$(SRCROOT)/../third_party/libuvc/include",
					/usr/local/include,
					"/usr/local/include/libusb-1.0",
					/Applications/Xcode.app/Contents/Developer/Toolchains/XcodeDefault.xctoolchain/usr/include,
				);
				LIBRARY_SEARCH_PATHS = (
					"$(inherited)",
					/usr/local/lib,
				);
				MACH_O_TYPE = mh_dylib;
				PRODUCT_NAME = "$(TARGET_NAME)";
			};
			name = Debug;
		};
		08567BD11B5B5A0200EB6C0D /* Release */ = {
			isa = XCBuildConfiguration;
			buildSettings = {
				COMBINE_HIDPI_IMAGES = YES;
				EXECUTABLE_EXTENSION = dylib;
				EXECUTABLE_PREFIX = "";
				GCC_ENABLE_CPP_EXCEPTIONS = YES;
				GCC_ENABLE_CPP_RTTI = YES;
				GCC_PREPROCESSOR_DEFINITIONS = RS_USE_LIBUVC_BACKEND;
				GCC_SYMBOLS_PRIVATE_EXTERN = NO;
				HEADER_SEARCH_PATHS = (
					"$(inherited)",
					"$(SRCROOT)/../include/**",
					"$(SRCROOT)/../third_party/libuvc/include",
					/usr/local/include,
					"/usr/local/include/libusb-1.0",
					/Applications/Xcode.app/Contents/Developer/Toolchains/XcodeDefault.xctoolchain/usr/include,
				);
				LIBRARY_SEARCH_PATHS = (
					"$(inherited)",
					/usr/local/lib,
				);
				MACH_O_TYPE = mh_dylib;
				PRODUCT_NAME = "$(TARGET_NAME)";
			};
			name = Release;
		};
/* End XCBuildConfiguration section */

/* Begin XCConfigurationList section */
		08567BBF1B5B5A0200EB6C0D /* Build configuration list for PBXProject "librealsense" */ = {
			isa = XCConfigurationList;
			buildConfigurations = (
				08567BCD1B5B5A0200EB6C0D /* Debug */,
				08567BCE1B5B5A0200EB6C0D /* Release */,
			);
			defaultConfigurationIsVisible = 0;
			defaultConfigurationName = Release;
		};
		08567BCF1B5B5A0200EB6C0D /* Build configuration list for PBXNativeTarget "librealsense" */ = {
			isa = XCConfigurationList;
			buildConfigurations = (
				08567BD01B5B5A0200EB6C0D /* Debug */,
				08567BD11B5B5A0200EB6C0D /* Release */,
			);
			defaultConfigurationIsVisible = 0;
			defaultConfigurationName = Release;
		};
/* End XCConfigurationList section */
	};
	rootObject = 08567BBC1B5B5A0200EB6C0D /* Project object */;
}
