
Microsoft Visual Studio Solution File, Format Version 12.00
# Visual Studio 15
VisualStudioVersion = 15.0.28010.2046
MinimumVisualStudioVersion = 10.0.40219.1
Project("{9A19103F-16F7-4668-BE54-9A1E7A4F7556}") = "Intel.RealSense", "Intel.RealSense\Intel.RealSense.csproj", "{D3679631-2666-4195-9185-521C32060156}"
EndProject
Global
	GlobalSection(SolutionConfigurationPlatforms) = preSolution
		Debug|Any CPU = Debug|Any CPU
		Release|Any CPU = Release|Any CPU
	EndGlobalSection
	GlobalSection(ProjectConfigurationPlatforms) = postSolution
		{D3679631-2666-4195-9185-521C32060156}.Debug|Any CPU.ActiveCfg = Debug|Any CPU
		{D3679631-2666-4195-9185-521C32060156}.Debug|Any CPU.Build.0 = Debug|Any CPU
		{D3679631-2666-4195-9185-521C32060156}.Release|Any CPU.ActiveCfg = Release|Any CPU
		{D3679631-2666-4195-9185-521C32060156}.Release|Any CPU.Build.0 = Release|Any CPU
	EndGlobalSection
	GlobalSection(SolutionProperties) = preSolution
		HideSolutionNode = FALSE
	EndGlobalSection
	GlobalSection(ExtensibilityGlobals) = postSolution
		SolutionGuid = {50D7C51B-BF84-4231-AFF3-5B962741FD57}
	EndGlobalSection
EndGlobal
