
Microsoft Visual Studio Solution File, Format Version 12.00
# Visual Studio 14
VisualStudioVersion = 14.0.23107.0
MinimumVisualStudioVersion = 10.0.40219.1
Project("{8BC9CEB8-8B4A-11D0-8D11-00A0C91BC942}") = "realsense", "realsense\realsense.vcxproj", "{1AE4CEB5-9A0B-4B9F-9505-824FD56BB41F}"
EndProject
Project("{8BC9CEB8-8B4A-11D0-8D11-00A0C91BC942}") = "cpp-capture", "cpp-capture\cpp-capture.vcxproj", "{4074122F-153D-4761-9539-7B7D5E72B11D}"
	ProjectSection(ProjectDependencies) = postProject
		{1AE4CEB5-9A0B-4B9F-9505-824FD56BB41F} = {1AE4CEB5-9A0B-4B9F-9505-824FD56BB41F}
	EndProjectSection
EndProject
Project("{8BC9CEB8-8B4A-11D0-8D11-00A0C91BC942}") = "cpp-multicam", "cpp-multicam\cpp-multicam.vcxproj", "{0EE9680F-6B71-4896-A1A1-9F2790D3ECCA}"
	ProjectSection(ProjectDependencies) = postProject
		{1AE4CEB5-9A0B-4B9F-9505-824FD56BB41F} = {1AE4CEB5-9A0B-4B9F-9505-824FD56BB41F}
	EndProjectSection
EndProject
Project("{8BC9CEB8-8B4A-11D0-8D11-00A0C91BC942}") = "cpp-pointcloud", "cpp-pointcloud\cpp-pointcloud.vcxproj", "{DDC13D4E-5448-4B25-B0A0-4D8E72F4AA08}"
	ProjectSection(ProjectDependencies) = postProject
		{1AE4CEB5-9A0B-4B9F-9505-824FD56BB41F} = {1AE4CEB5-9A0B-4B9F-9505-824FD56BB41F}
	EndProjectSection
EndProject
Project("{8BC9CEB8-8B4A-11D0-8D11-00A0C91BC942}") = "cpp-restart", "cpp-restart\cpp-restart.vcxproj", "{88623555-1BB3-42B1-B6AE-1C2D077A5A57}"
	ProjectSection(ProjectDependencies) = postProject
		{1AE4CEB5-9A0B-4B9F-9505-824FD56BB41F} = {1AE4CEB5-9A0B-4B9F-9505-824FD56BB41F}
	EndProjectSection
EndProject
Project("{2150E333-8FDC-42A3-9474-1A3956D46DE8}") = "C Tutorials", "C Tutorials", "{479597EF-D8F8-44D2-BAF6-BF2D5DB15B13}"
EndProject
Project("{2150E333-8FDC-42A3-9474-1A3956D46DE8}") = "Examples", "Examples", "{9CE5B9D5-05C7-4288-99B3-13ABFBE7B60C}"
EndProject
Project("{2150E333-8FDC-42A3-9474-1A3956D46DE8}") = "Library", "Library", "{29173D59-770D-49A5-BFC7-5BF564BDD7C7}"
EndProject
Project("{8BC9CEB8-8B4A-11D0-8D11-00A0C91BC942}") = "cpp-alignimages", "cpp-alignimages\cpp-alignimages.vcxproj", "{700F2028-4212-4B25-AB9C-9DF66746F694}"
	ProjectSection(ProjectDependencies) = postProject
		{1AE4CEB5-9A0B-4B9F-9505-824FD56BB41F} = {1AE4CEB5-9A0B-4B9F-9505-824FD56BB41F}
	EndProjectSection
EndProject
Project("{2150E333-8FDC-42A3-9474-1A3956D46DE8}") = "Unit Tests", "Unit Tests", "{EA2793EE-C590-43D0-A11D-02F93DA139AC}"
EndProject
Project("{8BC9CEB8-8B4A-11D0-8D11-00A0C91BC942}") = "unit-tests-offline", "unit-tests-offline\unit-tests-offline.vcxproj", "{B57FBF49-D142-4CCA-AFCB-E5F1687EE217}"
	ProjectSection(ProjectDependencies) = postProject
		{1AE4CEB5-9A0B-4B9F-9505-824FD56BB41F} = {1AE4CEB5-9A0B-4B9F-9505-824FD56BB41F}
	EndProjectSection
EndProject
Project("{8BC9CEB8-8B4A-11D0-8D11-00A0C91BC942}") = "unit-tests-live-f200", "unit-tests-live-f200\unit-tests-live-f200.vcxproj", "{D37BF473-AEE1-4097-9E0B-C1A8A5BF97EC}"
	ProjectSection(ProjectDependencies) = postProject
		{1AE4CEB5-9A0B-4B9F-9505-824FD56BB41F} = {1AE4CEB5-9A0B-4B9F-9505-824FD56BB41F}
	EndProjectSection
EndProject
Project("{8BC9CEB8-8B4A-11D0-8D11-00A0C91BC942}") = "unit-tests-live-r200", "unit-tests-live-r200\unit-tests-live-ds4.vcxproj", "{7B497980-3BB8-4699-A459-0F3091D24E03}"
	ProjectSection(ProjectDependencies) = postProject
		{1AE4CEB5-9A0B-4B9F-9505-824FD56BB41F} = {1AE4CEB5-9A0B-4B9F-9505-824FD56BB41F}
	EndProjectSection
EndProject
Project("{8BC9CEB8-8B4A-11D0-8D11-00A0C91BC942}") = "cpp-config-ui", "cpp-config-ui\cpp-config-ui.vcxproj", "{7B073747-409D-4550-B801-16B140132390}"
	ProjectSection(ProjectDependencies) = postProject
		{1AE4CEB5-9A0B-4B9F-9505-824FD56BB41F} = {1AE4CEB5-9A0B-4B9F-9505-824FD56BB41F}
	EndProjectSection
EndProject
Project("{8BC9CEB8-8B4A-11D0-8D11-00A0C91BC942}") = "cpp-tutorial-1-depth", "cpp-tutorial-1-depth\cpp-tutorial-1-depth.vcxproj", "{D1A726B7-D353-4F04-AEC8-9363088FC372}"
	ProjectSection(ProjectDependencies) = postProject
		{1AE4CEB5-9A0B-4B9F-9505-824FD56BB41F} = {1AE4CEB5-9A0B-4B9F-9505-824FD56BB41F}
	EndProjectSection
EndProject
Project("{8BC9CEB8-8B4A-11D0-8D11-00A0C91BC942}") = "cpp-tutorial-2-streams", "cpp-tutorial-2-streams\cpp-tutorial-2-streams.vcxproj", "{CBB76475-39C8-4449-AF67-AFFE6AD1D7B6}"
	ProjectSection(ProjectDependencies) = postProject
		{1AE4CEB5-9A0B-4B9F-9505-824FD56BB41F} = {1AE4CEB5-9A0B-4B9F-9505-824FD56BB41F}
	EndProjectSection
EndProject
Project("{8BC9CEB8-8B4A-11D0-8D11-00A0C91BC942}") = "cpp-tutorial-3-pointcloud", "cpp-tutorial-3-pointcloud\cpp-tutorial-3-pointcloud.vcxproj", "{0B524CA2-1118-4AFF-807B-1C1D0B4E4B8D}"
	ProjectSection(ProjectDependencies) = postProject
		{1AE4CEB5-9A0B-4B9F-9505-824FD56BB41F} = {1AE4CEB5-9A0B-4B9F-9505-824FD56BB41F}
	EndProjectSection
EndProject
Project("{8BC9CEB8-8B4A-11D0-8D11-00A0C91BC942}") = "c-tutorial-1-depth", "c-tutorial-1-depth\c-tutorial-1-depth.vcxproj", "{0E75C654-6312-4747-B439-E0125BBA03A6}"
	ProjectSection(ProjectDependencies) = postProject
		{1AE4CEB5-9A0B-4B9F-9505-824FD56BB41F} = {1AE4CEB5-9A0B-4B9F-9505-824FD56BB41F}
	EndProjectSection
EndProject
Project("{8BC9CEB8-8B4A-11D0-8D11-00A0C91BC942}") = "c-tutorial-2-streams", "c-tutorial-2-streams\c-tutorial-2-streams.vcxproj", "{D5E3A5E1-B8EE-4741-92CC-C480EAAEA28A}"
	ProjectSection(ProjectDependencies) = postProject
		{1AE4CEB5-9A0B-4B9F-9505-824FD56BB41F} = {1AE4CEB5-9A0B-4B9F-9505-824FD56BB41F}
	EndProjectSection
EndProject
Project("{8BC9CEB8-8B4A-11D0-8D11-00A0C91BC942}") = "c-tutorial-3-pointcloud", "c-tutorial-3-pointcloud\c-tutorial-3-pointcloud.vcxproj", "{F98EEEA1-7DAA-48A0-BB7B-2BDF303B0DA3}"
	ProjectSection(ProjectDependencies) = postProject
		{1AE4CEB5-9A0B-4B9F-9505-824FD56BB41F} = {1AE4CEB5-9A0B-4B9F-9505-824FD56BB41F}
	EndProjectSection
EndProject
Project("{8BC9CEB8-8B4A-11D0-8D11-00A0C91BC942}") = "cpp-headless", "cpp-headless\cpp-headless.vcxproj", "{7F7D0E8C-1614-411C-AD0A-C3D583EC5811}"
	ProjectSection(ProjectDependencies) = postProject
		{1AE4CEB5-9A0B-4B9F-9505-824FD56BB41F} = {1AE4CEB5-9A0B-4B9F-9505-824FD56BB41F}
	EndProjectSection
EndProject
Project("{8BC9CEB8-8B4A-11D0-8D11-00A0C91BC942}") = "cpp-enumerate-devices", "cpp-enumerate-devices\cpp-enumerate-devices.vcxproj", "{D17AF4AE-B93F-45CB-9F9F-068FC569B447}"
	ProjectSection(ProjectDependencies) = postProject
		{1AE4CEB5-9A0B-4B9F-9505-824FD56BB41F} = {1AE4CEB5-9A0B-4B9F-9505-824FD56BB41F}
	EndProjectSection
EndProject
Project("{2150E333-8FDC-42A3-9474-1A3956D46DE8}") = "C++ Tutorials", "C++ Tutorials", "{092EA5B3-F345-44A8-AFF9-8F7E5591436C}"
EndProject
Project("{8BC9CEB8-8B4A-11D0-8D11-00A0C91BC942}") = "unit-tests-live-sr300", "unit-tests-live-sr300\unit-tests-live-sr300.vcxproj", "{1F7EC2CF-9E68-4273-8F3C-1A15E0142D5F}"
	ProjectSection(ProjectDependencies) = postProject
		{1AE4CEB5-9A0B-4B9F-9505-824FD56BB41F} = {1AE4CEB5-9A0B-4B9F-9505-824FD56BB41F}
	EndProjectSection
EndProject
Project("{8BC9CEB8-8B4A-11D0-8D11-00A0C91BC942}") = "realsense-s", "realsense-s\realsense-s.vcxproj", "{622186C4-6D7D-4288-B8FD-8F08419181C2}"
EndProject
Project("{2150E333-8FDC-42A3-9474-1A3956D46DE8}") = "Third Party", "Third Party", "{A50450E7-7D7B-4A1F-8ADD-A3EBBAEFE761}"
EndProject
Project("{8BC9CEB8-8B4A-11D0-8D11-00A0C91BC942}") = "glfw3", "..\examples\third_party\glfw\msvc140\glfw3.vcxproj", "{979D0ADD-6AB7-403A-BB17-5434615E4446}"
EndProject
Project("{8BC9CEB8-8B4A-11D0-8D11-00A0C91BC942}") = "cpp-callback", "cpp-callback\cpp-callback.vcxproj", "{22315D69-5DB9-4C89-98FE-B45F1A5D6674}"
EndProject
Project("{8BC9CEB8-8B4A-11D0-8D11-00A0C91BC942}") = "cpp-motion-module", "cpp-motion-module\cpp-motion-module.vcxproj", "{D1AABCB7-D353-4F04-AEC8-9363088FC825}"
EndProject
Project("{8BC9CEB8-8B4A-11D0-8D11-00A0C91BC942}") = "cpp-callback-2", "cpp-callback-2\cpp-callback-2.vcxproj", "{C3CB58F0-844A-4B8F-B3C6-159A9677E868}"
EndProject
Project("{8BC9CEB8-8B4A-11D0-8D11-00A0C91BC942}") = "cpp-stride", "cpp-stride\cpp-stride.vcxproj", "{73EFE2E7-7AE7-4E04-89A9-22B6B5E908B5}"
EndProject
Project("{8BC9CEB8-8B4A-11D0-8D11-00A0C91BC942}") = "unit-tests-live-lr200", "unit-tests-live-lr200\unit-tests-live-lr200.vcxproj", "{8B1DC091-609F-4783-A2C2-CA0F7B5B644F}"
	ProjectSection(ProjectDependencies) = postProject
		{1AE4CEB5-9A0B-4B9F-9505-824FD56BB41F} = {1AE4CEB5-9A0B-4B9F-9505-824FD56BB41F}
	EndProjectSection
EndProject
Project("{8BC9CEB8-8B4A-11D0-8D11-00A0C91BC942}") = "unit-tests-live-zr300", "unit-tests-live-zr300\unit-tests-live-zr300.vcxproj", "{036423B5-EDC7-4681-9282-373DE5821843}"
	ProjectSection(ProjectDependencies) = postProject
		{1AE4CEB5-9A0B-4B9F-9505-824FD56BB41F} = {1AE4CEB5-9A0B-4B9F-9505-824FD56BB41F}
	EndProjectSection
EndProject
Project("{2150E333-8FDC-42A3-9474-1A3956D46DE8}") = "Applications", "Applications", "{D562F976-74ED-4C2D-A291-F5A614603E85}"
EndProject
Global
	GlobalSection(SolutionConfigurationPlatforms) = preSolution
		Debug|Win32 = Debug|Win32
		Debug|x64 = Debug|x64
		Release|Win32 = Release|Win32
		Release|x64 = Release|x64
	EndGlobalSection
	GlobalSection(ProjectConfigurationPlatforms) = postSolution
		{1AE4CEB5-9A0B-4B9F-9505-824FD56BB41F}.Debug|Win32.ActiveCfg = Debug|Win32
		{1AE4CEB5-9A0B-4B9F-9505-824FD56BB41F}.Debug|Win32.Build.0 = Debug|Win32
		{1AE4CEB5-9A0B-4B9F-9505-824FD56BB41F}.Debug|x64.ActiveCfg = Debug|x64
		{1AE4CEB5-9A0B-4B9F-9505-824FD56BB41F}.Debug|x64.Build.0 = Debug|x64
		{1AE4CEB5-9A0B-4B9F-9505-824FD56BB41F}.Release|Win32.ActiveCfg = Release|Win32
		{1AE4CEB5-9A0B-4B9F-9505-824FD56BB41F}.Release|Win32.Build.0 = Release|Win32
		{1AE4CEB5-9A0B-4B9F-9505-824FD56BB41F}.Release|x64.ActiveCfg = Release|x64
		{1AE4CEB5-9A0B-4B9F-9505-824FD56BB41F}.Release|x64.Build.0 = Release|x64
		{4074122F-153D-4761-9539-7B7D5E72B11D}.Debug|Win32.ActiveCfg = Debug|Win32
		{4074122F-153D-4761-9539-7B7D5E72B11D}.Debug|Win32.Build.0 = Debug|Win32
		{4074122F-153D-4761-9539-7B7D5E72B11D}.Debug|x64.ActiveCfg = Debug|x64
		{4074122F-153D-4761-9539-7B7D5E72B11D}.Debug|x64.Build.0 = Debug|x64
		{4074122F-153D-4761-9539-7B7D5E72B11D}.Release|Win32.ActiveCfg = Release|Win32
		{4074122F-153D-4761-9539-7B7D5E72B11D}.Release|Win32.Build.0 = Release|Win32
		{4074122F-153D-4761-9539-7B7D5E72B11D}.Release|x64.ActiveCfg = Release|x64
		{4074122F-153D-4761-9539-7B7D5E72B11D}.Release|x64.Build.0 = Release|x64
		{0EE9680F-6B71-4896-A1A1-9F2790D3ECCA}.Debug|Win32.ActiveCfg = Debug|Win32
		{0EE9680F-6B71-4896-A1A1-9F2790D3ECCA}.Debug|Win32.Build.0 = Debug|Win32
		{0EE9680F-6B71-4896-A1A1-9F2790D3ECCA}.Debug|x64.ActiveCfg = Debug|x64
		{0EE9680F-6B71-4896-A1A1-9F2790D3ECCA}.Debug|x64.Build.0 = Debug|x64
		{0EE9680F-6B71-4896-A1A1-9F2790D3ECCA}.Release|Win32.ActiveCfg = Release|Win32
		{0EE9680F-6B71-4896-A1A1-9F2790D3ECCA}.Release|Win32.Build.0 = Release|Win32
		{0EE9680F-6B71-4896-A1A1-9F2790D3ECCA}.Release|x64.ActiveCfg = Release|x64
		{0EE9680F-6B71-4896-A1A1-9F2790D3ECCA}.Release|x64.Build.0 = Release|x64
		{DDC13D4E-5448-4B25-B0A0-4D8E72F4AA08}.Debug|Win32.ActiveCfg = Debug|Win32
		{DDC13D4E-5448-4B25-B0A0-4D8E72F4AA08}.Debug|Win32.Build.0 = Debug|Win32
		{DDC13D4E-5448-4B25-B0A0-4D8E72F4AA08}.Debug|x64.ActiveCfg = Debug|x64
		{DDC13D4E-5448-4B25-B0A0-4D8E72F4AA08}.Debug|x64.Build.0 = Debug|x64
		{DDC13D4E-5448-4B25-B0A0-4D8E72F4AA08}.Release|Win32.ActiveCfg = Release|Win32
		{DDC13D4E-5448-4B25-B0A0-4D8E72F4AA08}.Release|Win32.Build.0 = Release|Win32
		{DDC13D4E-5448-4B25-B0A0-4D8E72F4AA08}.Release|x64.ActiveCfg = Release|x64
		{DDC13D4E-5448-4B25-B0A0-4D8E72F4AA08}.Release|x64.Build.0 = Release|x64
		{88623555-1BB3-42B1-B6AE-1C2D077A5A57}.Debug|Win32.ActiveCfg = Debug|Win32
		{88623555-1BB3-42B1-B6AE-1C2D077A5A57}.Debug|Win32.Build.0 = Debug|Win32
		{88623555-1BB3-42B1-B6AE-1C2D077A5A57}.Debug|x64.ActiveCfg = Debug|x64
		{88623555-1BB3-42B1-B6AE-1C2D077A5A57}.Debug|x64.Build.0 = Debug|x64
		{88623555-1BB3-42B1-B6AE-1C2D077A5A57}.Release|Win32.ActiveCfg = Release|Win32
		{88623555-1BB3-42B1-B6AE-1C2D077A5A57}.Release|Win32.Build.0 = Release|Win32
		{88623555-1BB3-42B1-B6AE-1C2D077A5A57}.Release|x64.ActiveCfg = Release|x64
		{88623555-1BB3-42B1-B6AE-1C2D077A5A57}.Release|x64.Build.0 = Release|x64
		{700F2028-4212-4B25-AB9C-9DF66746F694}.Debug|Win32.ActiveCfg = Debug|Win32
		{700F2028-4212-4B25-AB9C-9DF66746F694}.Debug|Win32.Build.0 = Debug|Win32
		{700F2028-4212-4B25-AB9C-9DF66746F694}.Debug|x64.ActiveCfg = Debug|x64
		{700F2028-4212-4B25-AB9C-9DF66746F694}.Debug|x64.Build.0 = Debug|x64
		{700F2028-4212-4B25-AB9C-9DF66746F694}.Release|Win32.ActiveCfg = Release|Win32
		{700F2028-4212-4B25-AB9C-9DF66746F694}.Release|Win32.Build.0 = Release|Win32
		{700F2028-4212-4B25-AB9C-9DF66746F694}.Release|x64.ActiveCfg = Release|x64
		{700F2028-4212-4B25-AB9C-9DF66746F694}.Release|x64.Build.0 = Release|x64
		{B57FBF49-D142-4CCA-AFCB-E5F1687EE217}.Debug|Win32.ActiveCfg = Debug|Win32
		{B57FBF49-D142-4CCA-AFCB-E5F1687EE217}.Debug|Win32.Build.0 = Debug|Win32
		{B57FBF49-D142-4CCA-AFCB-E5F1687EE217}.Debug|x64.ActiveCfg = Debug|x64
		{B57FBF49-D142-4CCA-AFCB-E5F1687EE217}.Debug|x64.Build.0 = Debug|x64
		{B57FBF49-D142-4CCA-AFCB-E5F1687EE217}.Release|Win32.ActiveCfg = Release|Win32
		{B57FBF49-D142-4CCA-AFCB-E5F1687EE217}.Release|Win32.Build.0 = Release|Win32
		{B57FBF49-D142-4CCA-AFCB-E5F1687EE217}.Release|x64.ActiveCfg = Release|x64
		{B57FBF49-D142-4CCA-AFCB-E5F1687EE217}.Release|x64.Build.0 = Release|x64
		{D37BF473-AEE1-4097-9E0B-C1A8A5BF97EC}.Debug|Win32.ActiveCfg = Debug|Win32
		{D37BF473-AEE1-4097-9E0B-C1A8A5BF97EC}.Debug|Win32.Build.0 = Debug|Win32
		{D37BF473-AEE1-4097-9E0B-C1A8A5BF97EC}.Debug|x64.ActiveCfg = Debug|x64
		{D37BF473-AEE1-4097-9E0B-C1A8A5BF97EC}.Debug|x64.Build.0 = Debug|x64
		{D37BF473-AEE1-4097-9E0B-C1A8A5BF97EC}.Release|Win32.ActiveCfg = Release|Win32
		{D37BF473-AEE1-4097-9E0B-C1A8A5BF97EC}.Release|Win32.Build.0 = Release|Win32
		{D37BF473-AEE1-4097-9E0B-C1A8A5BF97EC}.Release|x64.ActiveCfg = Release|x64
		{D37BF473-AEE1-4097-9E0B-C1A8A5BF97EC}.Release|x64.Build.0 = Release|x64
		{7B497980-3BB8-4699-A459-0F3091D24E03}.Debug|Win32.ActiveCfg = Debug|Win32
		{7B497980-3BB8-4699-A459-0F3091D24E03}.Debug|Win32.Build.0 = Debug|Win32
		{7B497980-3BB8-4699-A459-0F3091D24E03}.Debug|x64.ActiveCfg = Debug|x64
		{7B497980-3BB8-4699-A459-0F3091D24E03}.Debug|x64.Build.0 = Debug|x64
		{7B497980-3BB8-4699-A459-0F3091D24E03}.Release|Win32.ActiveCfg = Release|Win32
		{7B497980-3BB8-4699-A459-0F3091D24E03}.Release|Win32.Build.0 = Release|Win32
		{7B497980-3BB8-4699-A459-0F3091D24E03}.Release|x64.ActiveCfg = Release|x64
		{7B497980-3BB8-4699-A459-0F3091D24E03}.Release|x64.Build.0 = Release|x64
		{7B073747-409D-4550-B801-16B140132390}.Debug|Win32.ActiveCfg = Debug|Win32
		{7B073747-409D-4550-B801-16B140132390}.Debug|Win32.Build.0 = Debug|Win32
		{7B073747-409D-4550-B801-16B140132390}.Debug|x64.ActiveCfg = Debug|x64
		{7B073747-409D-4550-B801-16B140132390}.Debug|x64.Build.0 = Debug|x64
		{7B073747-409D-4550-B801-16B140132390}.Release|Win32.ActiveCfg = Release|Win32
		{7B073747-409D-4550-B801-16B140132390}.Release|Win32.Build.0 = Release|Win32
		{7B073747-409D-4550-B801-16B140132390}.Release|x64.ActiveCfg = Release|x64
		{7B073747-409D-4550-B801-16B140132390}.Release|x64.Build.0 = Release|x64
		{D1A726B7-D353-4F04-AEC8-9363088FC372}.Debug|Win32.ActiveCfg = Debug|Win32
		{D1A726B7-D353-4F04-AEC8-9363088FC372}.Debug|Win32.Build.0 = Debug|Win32
		{D1A726B7-D353-4F04-AEC8-9363088FC372}.Debug|x64.ActiveCfg = Debug|x64
		{D1A726B7-D353-4F04-AEC8-9363088FC372}.Debug|x64.Build.0 = Debug|x64
		{D1A726B7-D353-4F04-AEC8-9363088FC372}.Release|Win32.ActiveCfg = Release|Win32
		{D1A726B7-D353-4F04-AEC8-9363088FC372}.Release|Win32.Build.0 = Release|Win32
		{D1A726B7-D353-4F04-AEC8-9363088FC372}.Release|x64.ActiveCfg = Release|x64
		{D1A726B7-D353-4F04-AEC8-9363088FC372}.Release|x64.Build.0 = Release|x64
		{CBB76475-39C8-4449-AF67-AFFE6AD1D7B6}.Debug|Win32.ActiveCfg = Debug|Win32
		{CBB76475-39C8-4449-AF67-AFFE6AD1D7B6}.Debug|Win32.Build.0 = Debug|Win32
		{CBB76475-39C8-4449-AF67-AFFE6AD1D7B6}.Debug|x64.ActiveCfg = Debug|x64
		{CBB76475-39C8-4449-AF67-AFFE6AD1D7B6}.Debug|x64.Build.0 = Debug|x64
		{CBB76475-39C8-4449-AF67-AFFE6AD1D7B6}.Release|Win32.ActiveCfg = Release|Win32
		{CBB76475-39C8-4449-AF67-AFFE6AD1D7B6}.Release|Win32.Build.0 = Release|Win32
		{CBB76475-39C8-4449-AF67-AFFE6AD1D7B6}.Release|x64.ActiveCfg = Release|x64
		{CBB76475-39C8-4449-AF67-AFFE6AD1D7B6}.Release|x64.Build.0 = Release|x64
		{0B524CA2-1118-4AFF-807B-1C1D0B4E4B8D}.Debug|Win32.ActiveCfg = Debug|Win32
		{0B524CA2-1118-4AFF-807B-1C1D0B4E4B8D}.Debug|Win32.Build.0 = Debug|Win32
		{0B524CA2-1118-4AFF-807B-1C1D0B4E4B8D}.Debug|x64.ActiveCfg = Debug|x64
		{0B524CA2-1118-4AFF-807B-1C1D0B4E4B8D}.Debug|x64.Build.0 = Debug|x64
		{0B524CA2-1118-4AFF-807B-1C1D0B4E4B8D}.Release|Win32.ActiveCfg = Release|Win32
		{0B524CA2-1118-4AFF-807B-1C1D0B4E4B8D}.Release|Win32.Build.0 = Release|Win32
		{0B524CA2-1118-4AFF-807B-1C1D0B4E4B8D}.Release|x64.ActiveCfg = Release|x64
		{0B524CA2-1118-4AFF-807B-1C1D0B4E4B8D}.Release|x64.Build.0 = Release|x64
		{0E75C654-6312-4747-B439-E0125BBA03A6}.Debug|Win32.ActiveCfg = Debug|Win32
		{0E75C654-6312-4747-B439-E0125BBA03A6}.Debug|Win32.Build.0 = Debug|Win32
		{0E75C654-6312-4747-B439-E0125BBA03A6}.Debug|x64.ActiveCfg = Debug|x64
		{0E75C654-6312-4747-B439-E0125BBA03A6}.Debug|x64.Build.0 = Debug|x64
		{0E75C654-6312-4747-B439-E0125BBA03A6}.Release|Win32.ActiveCfg = Release|Win32
		{0E75C654-6312-4747-B439-E0125BBA03A6}.Release|Win32.Build.0 = Release|Win32
		{0E75C654-6312-4747-B439-E0125BBA03A6}.Release|x64.ActiveCfg = Release|x64
		{0E75C654-6312-4747-B439-E0125BBA03A6}.Release|x64.Build.0 = Release|x64
		{D5E3A5E1-B8EE-4741-92CC-C480EAAEA28A}.Debug|Win32.ActiveCfg = Debug|Win32
		{D5E3A5E1-B8EE-4741-92CC-C480EAAEA28A}.Debug|Win32.Build.0 = Debug|Win32
		{D5E3A5E1-B8EE-4741-92CC-C480EAAEA28A}.Debug|x64.ActiveCfg = Debug|x64
		{D5E3A5E1-B8EE-4741-92CC-C480EAAEA28A}.Debug|x64.Build.0 = Debug|x64
		{D5E3A5E1-B8EE-4741-92CC-C480EAAEA28A}.Release|Win32.ActiveCfg = Release|Win32
		{D5E3A5E1-B8EE-4741-92CC-C480EAAEA28A}.Release|Win32.Build.0 = Release|Win32
		{D5E3A5E1-B8EE-4741-92CC-C480EAAEA28A}.Release|x64.ActiveCfg = Release|x64
		{D5E3A5E1-B8EE-4741-92CC-C480EAAEA28A}.Release|x64.Build.0 = Release|x64
		{F98EEEA1-7DAA-48A0-BB7B-2BDF303B0DA3}.Debug|Win32.ActiveCfg = Debug|Win32
		{F98EEEA1-7DAA-48A0-BB7B-2BDF303B0DA3}.Debug|Win32.Build.0 = Debug|Win32
		{F98EEEA1-7DAA-48A0-BB7B-2BDF303B0DA3}.Debug|x64.ActiveCfg = Debug|x64
		{F98EEEA1-7DAA-48A0-BB7B-2BDF303B0DA3}.Debug|x64.Build.0 = Debug|x64
		{F98EEEA1-7DAA-48A0-BB7B-2BDF303B0DA3}.Release|Win32.ActiveCfg = Release|Win32
		{F98EEEA1-7DAA-48A0-BB7B-2BDF303B0DA3}.Release|Win32.Build.0 = Release|Win32
		{F98EEEA1-7DAA-48A0-BB7B-2BDF303B0DA3}.Release|x64.ActiveCfg = Release|x64
		{F98EEEA1-7DAA-48A0-BB7B-2BDF303B0DA3}.Release|x64.Build.0 = Release|x64
		{7F7D0E8C-1614-411C-AD0A-C3D583EC5811}.Debug|Win32.ActiveCfg = Debug|Win32
		{7F7D0E8C-1614-411C-AD0A-C3D583EC5811}.Debug|Win32.Build.0 = Debug|Win32
		{7F7D0E8C-1614-411C-AD0A-C3D583EC5811}.Debug|x64.ActiveCfg = Debug|x64
		{7F7D0E8C-1614-411C-AD0A-C3D583EC5811}.Debug|x64.Build.0 = Debug|x64
		{7F7D0E8C-1614-411C-AD0A-C3D583EC5811}.Release|Win32.ActiveCfg = Release|Win32
		{7F7D0E8C-1614-411C-AD0A-C3D583EC5811}.Release|Win32.Build.0 = Release|Win32
		{7F7D0E8C-1614-411C-AD0A-C3D583EC5811}.Release|x64.ActiveCfg = Release|x64
		{7F7D0E8C-1614-411C-AD0A-C3D583EC5811}.Release|x64.Build.0 = Release|x64
		{D17AF4AE-B93F-45CB-9F9F-068FC569B447}.Debug|Win32.ActiveCfg = Debug|Win32
		{D17AF4AE-B93F-45CB-9F9F-068FC569B447}.Debug|Win32.Build.0 = Debug|Win32
		{D17AF4AE-B93F-45CB-9F9F-068FC569B447}.Debug|x64.ActiveCfg = Debug|x64
		{D17AF4AE-B93F-45CB-9F9F-068FC569B447}.Debug|x64.Build.0 = Debug|x64
		{D17AF4AE-B93F-45CB-9F9F-068FC569B447}.Release|Win32.ActiveCfg = Release|Win32
		{D17AF4AE-B93F-45CB-9F9F-068FC569B447}.Release|Win32.Build.0 = Release|Win32
		{D17AF4AE-B93F-45CB-9F9F-068FC569B447}.Release|x64.ActiveCfg = Release|x64
		{D17AF4AE-B93F-45CB-9F9F-068FC569B447}.Release|x64.Build.0 = Release|x64
		{1F7EC2CF-9E68-4273-8F3C-1A15E0142D5F}.Debug|Win32.ActiveCfg = Debug|Win32
		{1F7EC2CF-9E68-4273-8F3C-1A15E0142D5F}.Debug|Win32.Build.0 = Debug|Win32
		{1F7EC2CF-9E68-4273-8F3C-1A15E0142D5F}.Debug|x64.ActiveCfg = Debug|x64
		{1F7EC2CF-9E68-4273-8F3C-1A15E0142D5F}.Debug|x64.Build.0 = Debug|x64
		{1F7EC2CF-9E68-4273-8F3C-1A15E0142D5F}.Release|Win32.ActiveCfg = Release|Win32
		{1F7EC2CF-9E68-4273-8F3C-1A15E0142D5F}.Release|Win32.Build.0 = Release|Win32
		{1F7EC2CF-9E68-4273-8F3C-1A15E0142D5F}.Release|x64.ActiveCfg = Release|x64
		{1F7EC2CF-9E68-4273-8F3C-1A15E0142D5F}.Release|x64.Build.0 = Release|x64
		{622186C4-6D7D-4288-B8FD-8F08419181C2}.Debug|Win32.ActiveCfg = Debug|Win32
		{622186C4-6D7D-4288-B8FD-8F08419181C2}.Debug|Win32.Build.0 = Debug|Win32
		{622186C4-6D7D-4288-B8FD-8F08419181C2}.Debug|x64.ActiveCfg = Debug|x64
		{622186C4-6D7D-4288-B8FD-8F08419181C2}.Debug|x64.Build.0 = Debug|x64
		{622186C4-6D7D-4288-B8FD-8F08419181C2}.Release|Win32.ActiveCfg = Release|Win32
		{622186C4-6D7D-4288-B8FD-8F08419181C2}.Release|Win32.Build.0 = Release|Win32
		{622186C4-6D7D-4288-B8FD-8F08419181C2}.Release|x64.ActiveCfg = Release|x64
		{622186C4-6D7D-4288-B8FD-8F08419181C2}.Release|x64.Build.0 = Release|x64
		{979D0ADD-6AB7-403A-BB17-5434615E4446}.Debug|Win32.ActiveCfg = Debug|Win32
		{979D0ADD-6AB7-403A-BB17-5434615E4446}.Debug|Win32.Build.0 = Debug|Win32
		{979D0ADD-6AB7-403A-BB17-5434615E4446}.Debug|x64.ActiveCfg = Debug|x64
		{979D0ADD-6AB7-403A-BB17-5434615E4446}.Debug|x64.Build.0 = Debug|x64
		{979D0ADD-6AB7-403A-BB17-5434615E4446}.Release|Win32.ActiveCfg = Release|Win32
		{979D0ADD-6AB7-403A-BB17-5434615E4446}.Release|Win32.Build.0 = Release|Win32
		{979D0ADD-6AB7-403A-BB17-5434615E4446}.Release|x64.ActiveCfg = Release|x64
		{979D0ADD-6AB7-403A-BB17-5434615E4446}.Release|x64.Build.0 = Release|x64
		{22315D69-5DB9-4C89-98FE-B45F1A5D6674}.Debug|Win32.ActiveCfg = Debug|Win32
		{22315D69-5DB9-4C89-98FE-B45F1A5D6674}.Debug|Win32.Build.0 = Debug|Win32
		{22315D69-5DB9-4C89-98FE-B45F1A5D6674}.Debug|x64.ActiveCfg = Debug|x64
		{22315D69-5DB9-4C89-98FE-B45F1A5D6674}.Debug|x64.Build.0 = Debug|x64
		{22315D69-5DB9-4C89-98FE-B45F1A5D6674}.Release|Win32.ActiveCfg = Release|Win32
		{22315D69-5DB9-4C89-98FE-B45F1A5D6674}.Release|Win32.Build.0 = Release|Win32
		{22315D69-5DB9-4C89-98FE-B45F1A5D6674}.Release|x64.ActiveCfg = Release|x64
		{22315D69-5DB9-4C89-98FE-B45F1A5D6674}.Release|x64.Build.0 = Release|x64
		{D1AABCB7-D353-4F04-AEC8-9363088FC825}.Debug|Win32.ActiveCfg = Debug|Win32
		{D1AABCB7-D353-4F04-AEC8-9363088FC825}.Debug|Win32.Build.0 = Debug|Win32
		{D1AABCB7-D353-4F04-AEC8-9363088FC825}.Debug|x64.ActiveCfg = Debug|x64
		{D1AABCB7-D353-4F04-AEC8-9363088FC825}.Debug|x64.Build.0 = Debug|x64
		{D1AABCB7-D353-4F04-AEC8-9363088FC825}.Release|Win32.ActiveCfg = Release|Win32
		{D1AABCB7-D353-4F04-AEC8-9363088FC825}.Release|Win32.Build.0 = Release|Win32
		{D1AABCB7-D353-4F04-AEC8-9363088FC825}.Release|x64.ActiveCfg = Release|x64
		{D1AABCB7-D353-4F04-AEC8-9363088FC825}.Release|x64.Build.0 = Release|x64
		{C3CB58F0-844A-4B8F-B3C6-159A9677E868}.Debug|Win32.ActiveCfg = Debug|Win32
		{C3CB58F0-844A-4B8F-B3C6-159A9677E868}.Debug|Win32.Build.0 = Debug|Win32
		{C3CB58F0-844A-4B8F-B3C6-159A9677E868}.Debug|x64.ActiveCfg = Debug|x64
		{C3CB58F0-844A-4B8F-B3C6-159A9677E868}.Debug|x64.Build.0 = Debug|x64
		{C3CB58F0-844A-4B8F-B3C6-159A9677E868}.Release|Win32.ActiveCfg = Release|Win32
		{C3CB58F0-844A-4B8F-B3C6-159A9677E868}.Release|Win32.Build.0 = Release|Win32
		{C3CB58F0-844A-4B8F-B3C6-159A9677E868}.Release|x64.ActiveCfg = Release|x64
		{C3CB58F0-844A-4B8F-B3C6-159A9677E868}.Release|x64.Build.0 = Release|x64
		{73EFE2E7-7AE7-4E04-89A9-22B6B5E908B5}.Debug|Win32.ActiveCfg = Debug|Win32
		{73EFE2E7-7AE7-4E04-89A9-22B6B5E908B5}.Debug|Win32.Build.0 = Debug|Win32
		{73EFE2E7-7AE7-4E04-89A9-22B6B5E908B5}.Debug|x64.ActiveCfg = Debug|x64
		{73EFE2E7-7AE7-4E04-89A9-22B6B5E908B5}.Debug|x64.Build.0 = Debug|x64
		{73EFE2E7-7AE7-4E04-89A9-22B6B5E908B5}.Release|Win32.ActiveCfg = Release|Win32
		{73EFE2E7-7AE7-4E04-89A9-22B6B5E908B5}.Release|Win32.Build.0 = Release|Win32
		{73EFE2E7-7AE7-4E04-89A9-22B6B5E908B5}.Release|x64.ActiveCfg = Release|x64
		{73EFE2E7-7AE7-4E04-89A9-22B6B5E908B5}.Release|x64.Build.0 = Release|x64
		{8B1DC091-609F-4783-A2C2-CA0F7B5B644F}.Debug|Win32.ActiveCfg = Debug|Win32
		{8B1DC091-609F-4783-A2C2-CA0F7B5B644F}.Debug|Win32.Build.0 = Debug|Win32
		{8B1DC091-609F-4783-A2C2-CA0F7B5B644F}.Debug|x64.ActiveCfg = Debug|x64
		{8B1DC091-609F-4783-A2C2-CA0F7B5B644F}.Debug|x64.Build.0 = Debug|x64
		{8B1DC091-609F-4783-A2C2-CA0F7B5B644F}.Release|Win32.ActiveCfg = Release|Win32
		{8B1DC091-609F-4783-A2C2-CA0F7B5B644F}.Release|Win32.Build.0 = Release|Win32
		{8B1DC091-609F-4783-A2C2-CA0F7B5B644F}.Release|x64.ActiveCfg = Release|x64
		{8B1DC091-609F-4783-A2C2-CA0F7B5B644F}.Release|x64.Build.0 = Release|x64
		{036423B5-EDC7-4681-9282-373DE5821843}.Debug|Win32.ActiveCfg = Debug|Win32
		{036423B5-EDC7-4681-9282-373DE5821843}.Debug|Win32.Build.0 = Debug|Win32
		{036423B5-EDC7-4681-9282-373DE5821843}.Debug|x64.ActiveCfg = Debug|x64
		{036423B5-EDC7-4681-9282-373DE5821843}.Debug|x64.Build.0 = Debug|x64
		{036423B5-EDC7-4681-9282-373DE5821843}.Release|Win32.ActiveCfg = Release|Win32
		{036423B5-EDC7-4681-9282-373DE5821843}.Release|Win32.Build.0 = Release|Win32
		{036423B5-EDC7-4681-9282-373DE5821843}.Release|x64.ActiveCfg = Release|x64
		{036423B5-EDC7-4681-9282-373DE5821843}.Release|x64.Build.0 = Release|x64
	EndGlobalSection
	GlobalSection(SolutionProperties) = preSolution
		HideSolutionNode = FALSE
	EndGlobalSection
	GlobalSection(NestedProjects) = preSolution
		{1AE4CEB5-9A0B-4B9F-9505-824FD56BB41F} = {29173D59-770D-49A5-BFC7-5BF564BDD7C7}
		{4074122F-153D-4761-9539-7B7D5E72B11D} = {9CE5B9D5-05C7-4288-99B3-13ABFBE7B60C}
		{0EE9680F-6B71-4896-A1A1-9F2790D3ECCA} = {9CE5B9D5-05C7-4288-99B3-13ABFBE7B60C}
		{DDC13D4E-5448-4B25-B0A0-4D8E72F4AA08} = {9CE5B9D5-05C7-4288-99B3-13ABFBE7B60C}
		{88623555-1BB3-42B1-B6AE-1C2D077A5A57} = {9CE5B9D5-05C7-4288-99B3-13ABFBE7B60C}
		{700F2028-4212-4B25-AB9C-9DF66746F694} = {9CE5B9D5-05C7-4288-99B3-13ABFBE7B60C}
		{B57FBF49-D142-4CCA-AFCB-E5F1687EE217} = {EA2793EE-C590-43D0-A11D-02F93DA139AC}
		{D37BF473-AEE1-4097-9E0B-C1A8A5BF97EC} = {EA2793EE-C590-43D0-A11D-02F93DA139AC}
		{7B497980-3BB8-4699-A459-0F3091D24E03} = {EA2793EE-C590-43D0-A11D-02F93DA139AC}
		{7B073747-409D-4550-B801-16B140132390} = {D562F976-74ED-4C2D-A291-F5A614603E85}
		{D1A726B7-D353-4F04-AEC8-9363088FC372} = {092EA5B3-F345-44A8-AFF9-8F7E5591436C}
		{CBB76475-39C8-4449-AF67-AFFE6AD1D7B6} = {092EA5B3-F345-44A8-AFF9-8F7E5591436C}
		{0B524CA2-1118-4AFF-807B-1C1D0B4E4B8D} = {092EA5B3-F345-44A8-AFF9-8F7E5591436C}
		{0E75C654-6312-4747-B439-E0125BBA03A6} = {479597EF-D8F8-44D2-BAF6-BF2D5DB15B13}
		{D5E3A5E1-B8EE-4741-92CC-C480EAAEA28A} = {479597EF-D8F8-44D2-BAF6-BF2D5DB15B13}
		{F98EEEA1-7DAA-48A0-BB7B-2BDF303B0DA3} = {479597EF-D8F8-44D2-BAF6-BF2D5DB15B13}
		{7F7D0E8C-1614-411C-AD0A-C3D583EC5811} = {9CE5B9D5-05C7-4288-99B3-13ABFBE7B60C}
		{D17AF4AE-B93F-45CB-9F9F-068FC569B447} = {9CE5B9D5-05C7-4288-99B3-13ABFBE7B60C}
		{1F7EC2CF-9E68-4273-8F3C-1A15E0142D5F} = {EA2793EE-C590-43D0-A11D-02F93DA139AC}
		{622186C4-6D7D-4288-B8FD-8F08419181C2} = {29173D59-770D-49A5-BFC7-5BF564BDD7C7}
		{979D0ADD-6AB7-403A-BB17-5434615E4446} = {A50450E7-7D7B-4A1F-8ADD-A3EBBAEFE761}
		{22315D69-5DB9-4C89-98FE-B45F1A5D6674} = {9CE5B9D5-05C7-4288-99B3-13ABFBE7B60C}
		{D1AABCB7-D353-4F04-AEC8-9363088FC825} = {9CE5B9D5-05C7-4288-99B3-13ABFBE7B60C}
		{C3CB58F0-844A-4B8F-B3C6-159A9677E868} = {9CE5B9D5-05C7-4288-99B3-13ABFBE7B60C}
		{73EFE2E7-7AE7-4E04-89A9-22B6B5E908B5} = {9CE5B9D5-05C7-4288-99B3-13ABFBE7B60C}
		{8B1DC091-609F-4783-A2C2-CA0F7B5B644F} = {EA2793EE-C590-43D0-A11D-02F93DA139AC}
		{036423B5-EDC7-4681-9282-373DE5821843} = {EA2793EE-C590-43D0-A11D-02F93DA139AC}
	EndGlobalSection
EndGlobal
