{
  "name": "node-librealsense2-examples",
  "version": "0.0.1",
  "lockfileVersion": 1,
  "requires": true,
  "dependencies": {
    "nan": {
      "version": "2.7.0",
      "resolved": "https://registry.npmjs.org/nan/-/nan-2.7.0.tgz",
      "integrity": "sha1-2Vv3IeyHfgjbJ27T/G63j5CDrUY="
    },
    "node-glfw-3": {
      "version": "0.3.1",
      "resolved": "https://registry.npmjs.org/node-glfw-3/-/node-glfw-3-0.3.1.tgz",
      "integrity": "sha1-cqegxv30kOOdahOzUhrUMgLe91M=",
      "requires": {
        "nan": "2.7.0"
      }
    }
  }
}
