{
  "name": "node-librealsense",
  "version": "0.2130.0",
  "lockfileVersion": 1,
  "requires": true,
  "dependencies": {
    "@babel/parser": {
      "version": "7.11.5",
      "resolved": "https://registry.npmjs.org/@babel/parser/-/parser-7.11.5.tgz",
      "integrity": "sha512-X9rD8qqm695vgmeaQ4fvz/o3+Wk4ZzQvSHkDBgpYKxpD4qTAUm88ZKtHkVqIOsYFFbIQ6wQYhC6q7pjqVK0E0Q==",
      "dev": true
    },
    "argparse": {
      "version": "1.0.10",
      "resolved": "https://registry.npmjs.org/argparse/-/argparse-1.0.10.tgz",
      "integrity": "sha512-o5Roy6tNG4SL/FOkCAN6RzjiakZS25RLYFrcMttJqbdd8BWrnA+fGz57iN5Pb06pvBGvl5gQ0B48dJlslXvoTg==",
      "dev": true,
      "requires": {
        "sprintf-js": "~1.0.2"
      }
    },
    "bindings": {
      "version": "1.2.1",
      "resolved": "https://registry.npmjs.org/bindings/-/bindings-1.2.1.tgz",
      "integrity": "sha1-FK1hE4EtLTfXLme0ystLtyZQXxE="
    },
    "bluebird": {
      "version": "3.7.2",
      "resolved": "https://registry.npmjs.org/bluebird/-/bluebird-3.7.2.tgz",
      "integrity": "sha512-XpNj6GDQzdfW+r2Wnn7xiSAd7TM3jzkxGXBGTtWKuSXv1xUV+azxAm8jdWZN06QTQk+2N2XB9jRDkvbmQmcRtg==",
      "dev": true
    },
    "catharsis": {
      "version": "0.8.11",
      "resolved": "https://registry.npmjs.org/catharsis/-/catharsis-0.8.11.tgz",
      "integrity": "sha512-a+xUyMV7hD1BrDQA/3iPV7oc+6W26BgVJO05PGEoatMyIuPScQKsde6i3YorWX1qs+AZjnJ18NqdKoCtKiNh1g==",
      "dev": true,
      "requires": {
        "lodash": "^4.17.14"
      }
    },
    "entities": {
      "version": "2.0.3",
      "resolved": "https://registry.npmjs.org/entities/-/entities-2.0.3.tgz",
      "integrity": "sha512-MyoZ0jgnLvB2X3Lg5HqpFmn1kybDiIfEQmKzTb5apr51Rb+T3KdmMiqa70T+bhGnyv7bQ6WMj2QMHpGMmlrUYQ==",
      "dev": true
    },
    "escape-string-regexp": {
      "version": "2.0.0",
      "resolved": "https://registry.npmjs.org/escape-string-regexp/-/escape-string-regexp-2.0.0.tgz",
      "integrity": "sha512-UpzcLCXolUWcNu5HtVMHYdXJjArjsF9C0aNnquZYY4uW/Vu0miy5YoWvbV345HauVvcAUnpRuhMMcqTcGOY2+w==",
      "dev": true
    },
    "fs-compare": {
      "version": "0.0.4",
      "resolved": "https://registry.npmjs.org/fs-compare/-/fs-compare-0.0.4.tgz",
      "integrity": "sha1-FwdvkbhjxqDVOSIOc8DYjEZSPno="
    },
    "graceful-fs": {
      "version": "4.1.11",
      "resolved": "https://registry.npmjs.org/graceful-fs/-/graceful-fs-4.1.11.tgz",
      "integrity": "sha1-Dovf5NHduIVNZOBOp8AOKgJuVlg="
    },
    "js2xmlparser": {
      "version": "4.0.1",
      "resolved": "https://registry.npmjs.org/js2xmlparser/-/js2xmlparser-4.0.1.tgz",
      "integrity": "sha512-KrPTolcw6RocpYjdC7pL7v62e55q7qOMHvLX1UCLc5AAS8qeJ6nukarEJAF2KL2PZxlbGueEbINqZR2bDe/gUw==",
      "dev": true,
      "requires": {
        "xmlcreate": "^2.0.3"
      }
    },
    "jsdoc": {
      "version": "3.6.6",
      "resolved": "https://registry.npmjs.org/jsdoc/-/jsdoc-3.6.6.tgz",
      "integrity": "sha512-znR99e1BHeyEkSvgDDpX0sTiTu+8aQyDl9DawrkOGZTTW8hv0deIFXx87114zJ7gRaDZKVQD/4tr1ifmJp9xhQ==",
      "dev": true,
      "requires": {
        "@babel/parser": "^7.9.4",
        "bluebird": "^3.7.2",
        "catharsis": "^0.8.11",
        "escape-string-regexp": "^2.0.0",
        "js2xmlparser": "^4.0.1",
        "klaw": "^3.0.0",
        "markdown-it": "^10.0.0",
        "markdown-it-anchor": "^5.2.7",
        "marked": "^0.8.2",
        "mkdirp": "^1.0.4",
        "requizzle": "^0.2.3",
        "strip-json-comments": "^3.1.0",
        "taffydb": "2.6.2",
        "underscore": "~1.10.2"
      },
      "dependencies": {
        "marked": {
          "version": "0.8.2",
          "resolved": "https://registry.npmjs.org/marked/-/marked-0.8.2.tgz",
          "integrity": "sha512-EGwzEeCcLniFX51DhTpmTom+dSA/MG/OBUDjnWtHbEnjAH180VzUeAw+oE4+Zv+CoYBWyRlYOTR0N8SO9R1PVw==",
          "dev": true
        }
      }
    },
    "jsonfile": {
      "version": "3.0.1",
      "resolved": "https://registry.npmjs.org/jsonfile/-/jsonfile-3.0.1.tgz",
      "integrity": "sha1-pezG9l9T9mLEQVx2daAzHQmS7GY=",
      "requires": {
        "graceful-fs": "^4.1.6"
      }
    },
    "klaw": {
      "version": "3.0.0",
      "resolved": "https://registry.npmjs.org/klaw/-/klaw-3.0.0.tgz",
      "integrity": "sha512-0Fo5oir+O9jnXu5EefYbVK+mHMBeEVEy2cmctR1O1NECcCkPRreJKrS6Qt/j3KC2C148Dfo9i3pCmCMsdqGr0g==",
      "dev": true,
      "requires": {
        "graceful-fs": "^4.1.9"
      }
    },
    "linkify-it": {
      "version": "2.2.0",
      "resolved": "https://registry.npmjs.org/linkify-it/-/linkify-it-2.2.0.tgz",
      "integrity": "sha512-GnAl/knGn+i1U/wjBz3akz2stz+HrHLsxMwHQGofCDfPvlf+gDKN58UtfmUquTY4/MXeE2x7k19KQmeoZi94Iw==",
      "dev": true,
      "requires": {
        "uc.micro": "^1.0.1"
      }
    },
    "lodash": {
      "version": "4.17.20",
      "resolved": "https://registry.npmjs.org/lodash/-/lodash-4.17.20.tgz",
      "integrity": "sha512-PlhdFcillOINfeV7Ni6oF1TAEayyZBoZ8bcshTHqOYJYlrqzRK5hagpagky5o4HfCzzd1TRkXPMFq6cKk9rGmA==",
      "dev": true
    },
    "markdown-it": {
      "version": "10.0.0",
      "resolved": "https://registry.npmjs.org/markdown-it/-/markdown-it-10.0.0.tgz",
      "integrity": "sha512-YWOP1j7UbDNz+TumYP1kpwnP0aEa711cJjrAQrzd0UXlbJfc5aAq0F/PZHjiioqDC1NKgvIMX+o+9Bk7yuM2dg==",
      "dev": true,
      "requires": {
        "argparse": "^1.0.7",
        "entities": "~2.0.0",
        "linkify-it": "^2.0.0",
        "mdurl": "^1.0.1",
        "uc.micro": "^1.0.5"
      }
    },
    "markdown-it-anchor": {
      "version": "5.3.0",
      "resolved": "https://registry.npmjs.org/markdown-it-anchor/-/markdown-it-anchor-5.3.0.tgz",
      "integrity": "sha512-/V1MnLL/rgJ3jkMWo84UR+K+jF1cxNG1a+KwqeXqTIJ+jtA8aWSHuigx8lTzauiIjBDbwF3NcWQMotd0Dm39jA==",
      "dev": true
    },
    "marked": {
      "version": "0.3.12",
      "resolved": "https://registry.npmjs.org/marked/-/marked-0.3.12.tgz",
      "integrity": "sha512-k4NaW+vS7ytQn6MgJn3fYpQt20/mOgYM5Ft9BYMfQJDz2QT6yEeS9XJ8k2Nw8JTeWK/znPPW2n3UJGzyYEiMoA==",
      "dev": true
    },
    "mdurl": {
      "version": "1.0.1",
      "resolved": "https://registry.npmjs.org/mdurl/-/mdurl-1.0.1.tgz",
      "integrity": "sha1-/oWy7HWlkDfyrf7BAP1sYBdhFS4=",
      "dev": true
    },
    "mkdirp": {
      "version": "1.0.4",
      "resolved": "https://registry.npmjs.org/mkdirp/-/mkdirp-1.0.4.tgz",
      "integrity": "sha512-vVqVZQyf3WLx2Shd0qJ9xuvqgAyKPLAiqITEtqW0oIUjzo3PePDd6fW9iFz30ef7Ysp/oiWqbhszeGWW2T6Gzw==",
      "dev": true
    },
    "nan": {
      "version": "2.14.2",
      "resolved": "https://registry.npmjs.org/nan/-/nan-2.14.2.tgz",
      "integrity": "sha512-M2ufzIiINKCuDfBSAUr1vWQ+vuVcA9kqx8JJUsbQi6yf1uGRyb7HfpdfUr5qLXf3B/t8dPvcjhKMmlfnP47EzQ=="
    },
    "pngjs": {
      "version": "3.3.0",
      "resolved": "https://registry.npmjs.org/pngjs/-/pngjs-3.3.0.tgz",
      "integrity": "sha1-H1cwwYnJSTO4G+2iqy+OKFUmOo8="
    },
    "requizzle": {
      "version": "0.2.3",
      "resolved": "https://registry.npmjs.org/requizzle/-/requizzle-0.2.3.tgz",
      "integrity": "sha512-YanoyJjykPxGHii0fZP0uUPEXpvqfBDxWV7s6GKAiiOsiqhX6vHNyW3Qzdmqp/iq/ExbhaGbVrjB4ruEVSM4GQ==",
      "dev": true,
      "requires": {
        "lodash": "^4.17.14"
      }
    },
    "sprintf-js": {
      "version": "1.0.3",
      "resolved": "https://registry.npmjs.org/sprintf-js/-/sprintf-js-1.0.3.tgz",
      "integrity": "sha1-BOaSb2YolTVPPdAVIDYzuFcpfiw=",
      "dev": true
    },
    "strip-json-comments": {
      "version": "3.1.1",
      "resolved": "https://registry.npmjs.org/strip-json-comments/-/strip-json-comments-3.1.1.tgz",
      "integrity": "sha512-6fPc+R4ihwqP6N/aIv2f1gMH8lOVtWQHoqC4yK6oSDVVocumAsfCqjkXnqiYMhmMwS/mEHLp7Vehlt3ql6lEig==",
      "dev": true
    },
    "taffydb": {
      "version": "2.6.2",
      "resolved": "https://registry.npmjs.org/taffydb/-/taffydb-2.6.2.tgz",
      "integrity": "sha1-fLy2S1oUG2ou/CxdLGe04VCyomg=",
      "dev": true
    },
    "uc.micro": {
      "version": "1.0.6",
      "resolved": "https://registry.npmjs.org/uc.micro/-/uc.micro-1.0.6.tgz",
      "integrity": "sha512-8Y75pvTYkLJW2hWQHXxoqRgV7qb9B+9vFEtidML+7koHUFapnVJAZ6cKs+Qjz5Aw3aZWHMC6u0wJE3At+nSGwA==",
      "dev": true
    },
    "underscore": {
      "version": "1.10.2",
      "resolved": "https://registry.npmjs.org/underscore/-/underscore-1.10.2.tgz",
      "integrity": "sha512-N4P+Q/BuyuEKFJ43B9gYuOj4TQUHXX+j2FqguVOpjkssLUUrnJofCcBccJSCoeturDoZU6GorDTHSvUDlSQbTg==",
      "dev": true
    },
    "xmlcreate": {
      "version": "2.0.3",
      "resolved": "https://registry.npmjs.org/xmlcreate/-/xmlcreate-2.0.3.tgz",
      "integrity": "sha512-HgS+X6zAztGa9zIK3Y3LXuJes33Lz9x+YyTxgrkIdabu2vqcGOWwdfCpf1hWLRrd553wd4QCDf6BBO6FfdsRiQ==",
      "dev": true
    }
  }
}
