<?xml version="1.0" encoding="utf-8"?>
<Project ToolsVersion="4.0" xmlns="http://schemas.microsoft.com/developer/msbuild/2003">
  <ItemGroup>
    <ClCompile Include="..\..\src\context.cpp">
      <Filter>src</Filter>
    </ClCompile>
    <ClCompile Include="..\..\src\device.cpp">
      <Filter>src</Filter>
    </ClCompile>
    <ClCompile Include="..\..\src\f200.cpp">
      <Filter>src</Filter>
    </ClCompile>
    <ClCompile Include="..\..\src\f200-private.cpp">
      <Filter>src</Filter>
    </ClCompile>
    <ClCompile Include="..\..\src\image.cpp">
      <Filter>src</Filter>
    </ClCompile>
    <ClCompile Include="..\..\src\log.cpp">
      <Filter>src</Filter>
    </ClCompile>
    <ClCompile Include="..\..\src\r200.cpp">
      <Filter>src</Filter>
    </ClCompile>
    <ClCompile Include="..\..\src\r200-private.cpp">
      <Filter>src</Filter>
    </ClCompile>
    <ClCompile Include="..\..\src\rs.cpp">
      <Filter>src</Filter>
    </ClCompile>
    <ClCompile Include="..\..\src\stream.cpp">
      <Filter>src</Filter>
    </ClCompile>
    <ClCompile Include="..\..\src\sync.cpp">
      <Filter>src</Filter>
    </ClCompile>
    <ClCompile Include="..\..\src\types.cpp">
      <Filter>src</Filter>
    </ClCompile>
    <ClCompile Include="..\..\src\uvc.cpp">
      <Filter>src</Filter>
    </ClCompile>
    <ClCompile Include="..\..\src\uvc-libuvc.cpp">
      <Filter>src</Filter>
    </ClCompile>
    <ClCompile Include="..\..\src\uvc-v4l2.cpp">
      <Filter>src</Filter>
    </ClCompile>
    <ClCompile Include="..\..\src\uvc-wmf.cpp">
      <Filter>src</Filter>
    </ClCompile>
    <ClCompile Include="..\..\src\verify.c">
      <Filter>src</Filter>
    </ClCompile>
  </ItemGroup>
  <ItemGroup>
    <ClInclude Include="..\..\src\context.h">
      <Filter>src</Filter>
    </ClInclude>
    <ClInclude Include="..\..\src\device.h">
      <Filter>src</Filter>
    </ClInclude>
    <ClInclude Include="..\..\src\f200.h">
      <Filter>src</Filter>
    </ClInclude>
    <ClInclude Include="..\..\src\f200-private.h">
      <Filter>src</Filter>
    </ClInclude>
    <ClInclude Include="..\..\src\image.h">
      <Filter>src</Filter>
    </ClInclude>
    <ClInclude Include="..\..\src\r200.h">
      <Filter>src</Filter>
    </ClInclude>
    <ClInclude Include="..\..\src\r200-private.h">
      <Filter>src</Filter>
    </ClInclude>
    <ClInclude Include="..\..\src\stream.h">
      <Filter>src</Filter>
    </ClInclude>
    <ClInclude Include="..\..\src\sync.h">
      <Filter>src</Filter>
    </ClInclude>
    <ClInclude Include="..\..\src\types.h">
      <Filter>src</Filter>
    </ClInclude>
    <ClInclude Include="..\..\src\uvc.h">
      <Filter>src</Filter>
    </ClInclude>
    <ClInclude Include="..\..\include\librealsense\rs.h">
      <Filter>include</Filter>
    </ClInclude>
    <ClInclude Include="..\..\include\librealsense\rs.hpp">
      <Filter>include</Filter>
    </ClInclude>
    <ClInclude Include="..\..\include\librealsense\rsutil.h">
      <Filter>include</Filter>
    </ClInclude>
  </ItemGroup>
  <ItemGroup>
    <Filter Include="src">
      <UniqueIdentifier>{bc2e1176-81a9-4b31-b7a0-a046df246693}</UniqueIdentifier>
    </Filter>
    <Filter Include="include">
      <UniqueIdentifier>{c6a9cf7b-3b7d-43a1-8454-8ce7e7dd32cc}</UniqueIdentifier>
    </Filter>
  </ItemGroup>
</Project>