<?xml version="1.0" encoding="utf-8"?>
<Project ToolsVersion="4.0" xmlns="http://schemas.microsoft.com/developer/msbuild/2003">
  <ItemGroup>
    <ClCompile Include="..\..\src\archive.cpp">
      <Filter>sources</Filter>
    </ClCompile>
    <ClCompile Include="..\..\src\context.cpp">
      <Filter>sources</Filter>
    </ClCompile>
    <ClCompile Include="..\..\src\device.cpp">
      <Filter>sources</Filter>
    </ClCompile>
    <ClCompile Include="..\..\src\f200.cpp">
      <Filter>sources</Filter>
    </ClCompile>
    <ClCompile Include="..\..\src\hw-monitor.cpp">
      <Filter>sources</Filter>
    </ClCompile>
    <ClCompile Include="..\..\src\image.cpp">
      <Filter>sources</Filter>
    </ClCompile>
    <ClCompile Include="..\..\src\log.cpp">
      <Filter>sources</Filter>
    </ClCompile>
    <ClCompile Include="..\..\src\r200.cpp">
      <Filter>sources</Filter>
    </ClCompile>
    <ClCompile Include="..\..\src\rs.cpp">
      <Filter>sources</Filter>
    </ClCompile>
    <ClCompile Include="..\..\src\stream.cpp">
      <Filter>sources</Filter>
    </ClCompile>
    <ClCompile Include="..\..\src\sync.cpp">
      <Filter>sources</Filter>
    </ClCompile>
    <ClCompile Include="..\..\src\types.cpp">
      <Filter>sources</Filter>
    </ClCompile>
    <ClCompile Include="..\..\src\uvc.cpp">
      <Filter>sources</Filter>
    </ClCompile>
    <ClCompile Include="..\..\src\uvc-libuvc.cpp">
      <Filter>sources</Filter>
    </ClCompile>
    <ClCompile Include="..\..\src\uvc-v4l2.cpp">
      <Filter>sources</Filter>
    </ClCompile>
    <ClCompile Include="..\..\src\uvc-wmf.cpp">
      <Filter>sources</Filter>
    </ClCompile>
    <ClCompile Include="..\..\src\verify.c">
      <Filter>sources</Filter>
    </ClCompile>
    <ClCompile Include="..\..\src\timestamps.cpp">
      <Filter>sources</Filter>
    </ClCompile>
    <ClCompile Include="..\..\src\zr300.cpp">
      <Filter>sources</Filter>
    </ClCompile>
    <ClCompile Include="..\..\src\sr300.cpp">
      <Filter>sources</Filter>
    </ClCompile>
    <ClCompile Include="..\..\src\ds-device.cpp">
      <Filter>sources</Filter>
    </ClCompile>
    <ClCompile Include="..\..\src\ds-private.cpp">
      <Filter>sources</Filter>
    </ClCompile>
    <ClCompile Include="..\..\src\ivcam-device.cpp">
      <Filter>sources</Filter>
    </ClCompile>
    <ClCompile Include="..\..\src\ivcam-private.cpp">
      <Filter>sources</Filter>
    </ClCompile>
    <ClCompile Include="..\..\src\motion-module.cpp">
      <Filter>sources</Filter>
    </ClCompile>
  </ItemGroup>
  <ItemGroup>
    <ClInclude Include="..\..\include\librealsense\rsutil.h">
      <Filter>includes</Filter>
    </ClInclude>
    <ClInclude Include="..\..\include\librealsense\rs.hpp">
      <Filter>includes</Filter>
    </ClInclude>
    <ClInclude Include="..\..\include\librealsense\rs.h">
      <Filter>includes</Filter>
    </ClInclude>
    <ClInclude Include="..\..\src\archive.h">
      <Filter>sources</Filter>
    </ClInclude>
    <ClInclude Include="..\..\src\context.h">
      <Filter>sources</Filter>
    </ClInclude>
    <ClInclude Include="..\..\src\device.h">
      <Filter>sources</Filter>
    </ClInclude>
    <ClInclude Include="..\..\src\f200.h">
      <Filter>sources</Filter>
    </ClInclude>
    <ClInclude Include="..\..\src\hw-monitor.h">
      <Filter>sources</Filter>
    </ClInclude>
    <ClInclude Include="..\..\src\image.h">
      <Filter>sources</Filter>
    </ClInclude>
    <ClInclude Include="..\..\src\r200.h">
      <Filter>sources</Filter>
    </ClInclude>
    <ClInclude Include="..\..\src\stream.h">
      <Filter>sources</Filter>
    </ClInclude>
    <ClInclude Include="..\..\src\sync.h">
      <Filter>sources</Filter>
    </ClInclude>
    <ClInclude Include="..\..\src\types.h">
      <Filter>sources</Filter>
    </ClInclude>
    <ClInclude Include="..\..\src\uvc.h">
      <Filter>sources</Filter>
    </ClInclude>
    <ClInclude Include="..\..\include\librealsense\rscore.hpp">
      <Filter>includes</Filter>
    </ClInclude>
    <ClInclude Include="..\..\src\timestamps.h">
      <Filter>sources</Filter>
    </ClInclude>
    <ClInclude Include="..\..\src\zr300.h">
      <Filter>sources</Filter>
    </ClInclude>
    <ClInclude Include="..\..\src\sr300.h">
      <Filter>sources</Filter>
    </ClInclude>
    <ClInclude Include="..\..\src\ds-device.h">
      <Filter>sources</Filter>
    </ClInclude>
    <ClInclude Include="..\..\src\ds-private.h">
      <Filter>sources</Filter>
    </ClInclude>
    <ClInclude Include="..\..\src\ivcam-device.h">
      <Filter>sources</Filter>
    </ClInclude>
    <ClInclude Include="..\..\src\ivcam-private.h">
      <Filter>sources</Filter>
    </ClInclude>
    <ClInclude Include="..\..\src\motion-module.h">
      <Filter>sources</Filter>
    </ClInclude>
  </ItemGroup>
  <ItemGroup>
    <Filter Include="includes">
      <UniqueIdentifier>{50cde4e5-68fd-413c-ab99-b8199fb603e4}</UniqueIdentifier>
    </Filter>
    <Filter Include="sources">
      <UniqueIdentifier>{1e515f05-7389-4579-bd68-8dc83d66737d}</UniqueIdentifier>
    </Filter>
  </ItemGroup>
</Project>