// !$*UTF8*$!
{
	archiveVersion = 1;
	classes = {
	};
	objectVersion = 46;
	objects = {

/* Begin PBXBuildFile section */
		08567BEB1B5B5B4E00EB6C0D /* libuvc_config.h in Headers */ = {isa = PBXBuildFile; fileRef = 08567BE81B5B5B4E00EB6C0D /* libuvc_config.h */; };
		08567BEC1B5B5B4E00EB6C0D /* libuvc_internal.h in Headers */ = {isa = PBXBuildFile; fileRef = 08567BE91B5B5B4E00EB6C0D /* libuvc_internal.h */; };
		08567BED1B5B5B4E00EB6C0D /* libuvc.h in Headers */ = {isa = PBXBuildFile; fileRef = 08567BEA1B5B5B4E00EB6C0D /* libuvc.h */; };
		08567BF91B5B5B5D00EB6C0D /* ctrl.c in Sources */ = {isa = PBXBuildFile; fileRef = 08567BEF1B5B5B5D00EB6C0D /* ctrl.c */; };
		08567BFA1B5B5B5D00EB6C0D /* device.c in Sources */ = {isa = PBXBuildFile; fileRef = 08567BF01B5B5B5D00EB6C0D /* device.c */; };
		08567BFB1B5B5B5D00EB6C0D /* diag.c in Sources */ = {isa = PBXBuildFile; fileRef = 08567BF11B5B5B5D00EB6C0D /* diag.c */; };
		08567BFE1B5B5B5D00EB6C0D /* frame.c in Sources */ = {isa = PBXBuildFile; fileRef = 08567BF41B5B5B5D00EB6C0D /* frame.c */; };
		08567BFF1B5B5B5D00EB6C0D /* init.c in Sources */ = {isa = PBXBuildFile; fileRef = 08567BF51B5B5B5D00EB6C0D /* init.c */; };
		08567C001B5B5B5D00EB6C0D /* misc.c in Sources */ = {isa = PBXBuildFile; fileRef = 08567BF61B5B5B5D00EB6C0D /* misc.c */; };
		08567C011B5B5B5D00EB6C0D /* stream.c in Sources */ = {isa = PBXBuildFile; fileRef = 08567BF71B5B5B5D00EB6C0D /* stream.c */; };
		08567C3B1B61E78D00EB6C0D /* Common.h in Headers */ = {isa = PBXBuildFile; fileRef = 08567C381B61E78D00EB6C0D /* Common.h */; };
		08567C3C1B61E78D00EB6C0D /* UVCCamera.h in Headers */ = {isa = PBXBuildFile; fileRef = 08567C391B61E78D00EB6C0D /* UVCCamera.h */; };
		08567C3E1B61E79400EB6C0D /* F200.h in Headers */ = {isa = PBXBuildFile; fileRef = 08567C3D1B61E79400EB6C0D /* F200.h */; };
		08567C451B61E79C00EB6C0D /* CalibParams.h in Headers */ = {isa = PBXBuildFile; fileRef = 08567C3F1B61E79C00EB6C0D /* CalibParams.h */; };
		08567C461B61E79C00EB6C0D /* CalibIO.h in Headers */ = {isa = PBXBuildFile; fileRef = 08567C401B61E79C00EB6C0D /* CalibIO.h */; };
		08567C471B61E79C00EB6C0D /* CameraHeader.h in Headers */ = {isa = PBXBuildFile; fileRef = 08567C411B61E79C00EB6C0D /* CameraHeader.h */; };
		08567C481B61E79C00EB6C0D /* SPI.h in Headers */ = {isa = PBXBuildFile; fileRef = 08567C421B61E79C00EB6C0D /* SPI.h */; };
		08567C491B61E79C00EB6C0D /* XU.h in Headers */ = {isa = PBXBuildFile; fileRef = 08567C431B61E79C00EB6C0D /* XU.h */; };
		08567C4A1B61E79C00EB6C0D /* R200.h in Headers */ = {isa = PBXBuildFile; fileRef = 08567C441B61E79C00EB6C0D /* R200.h */; };
		08567C4E1B61E8B400EB6C0D /* UVCCamera.cpp in Sources */ = {isa = PBXBuildFile; fileRef = 08567C4C1B61E8B400EB6C0D /* UVCCamera.cpp */; };
		08567C501B61E8BA00EB6C0D /* F200.cpp in Sources */ = {isa = PBXBuildFile; fileRef = 08567C4F1B61E8BA00EB6C0D /* F200.cpp */; };
		08567C541B61E8C000EB6C0D /* SPI.cpp in Sources */ = {isa = PBXBuildFile; fileRef = 08567C511B61E8C000EB6C0D /* SPI.cpp */; };
		08567C551B61E8C000EB6C0D /* XU.cpp in Sources */ = {isa = PBXBuildFile; fileRef = 08567C521B61E8C000EB6C0D /* XU.cpp */; };
		08567C561B61E8C000EB6C0D /* R200.cpp in Sources */ = {isa = PBXBuildFile; fileRef = 08567C531B61E8C000EB6C0D /* R200.cpp */; };
		27D08BCE1B6B050E003E9FB5 /* CalibParams.h in Headers */ = {isa = PBXBuildFile; fileRef = 27D08BCD1B6B050E003E9FB5 /* CalibParams.h */; };
		27D08BD21B6B05E1003E9FB5 /* Projection.h in Headers */ = {isa = PBXBuildFile; fileRef = 27D08BD11B6B05E1003E9FB5 /* Projection.h */; };
		27F24EA71B79492300BF4D43 /* CalibParams.cpp in Sources */ = {isa = PBXBuildFile; fileRef = 27F24EA61B79492300BF4D43 /* CalibParams.cpp */; };
		27F24EA91B79662500BF4D43 /* Calibration.h in Headers */ = {isa = PBXBuildFile; fileRef = 27F24EA81B79662500BF4D43 /* Calibration.h */; };
		27F24EAB1B797E5C00BF4D43 /* Projection.cpp in Sources */ = {isa = PBXBuildFile; fileRef = 27F24EAA1B797E5C00BF4D43 /* Projection.cpp */; };
		27F24EAD1B7A687A00BF4D43 /* F200Types.h in Headers */ = {isa = PBXBuildFile; fileRef = 27F24EAC1B7A687A00BF4D43 /* F200Types.h */; };
		27F24EB01B7A784E00BF4D43 /* rs-internal.h in Headers */ = {isa = PBXBuildFile; fileRef = 27F24EAE1B7A784E00BF4D43 /* rs-internal.h */; };
		27F24EB11B7A784E00BF4D43 /* rs.cpp in Sources */ = {isa = PBXBuildFile; fileRef = 27F24EAF1B7A784E00BF4D43 /* rs.cpp */; };
/* End PBXBuildFile section */

/* Begin PBXFileReference section */
		08567BC41B5B5A0200EB6C0D /* librealsense.a */ = {isa = PBXFileReference; explicitFileType = archive.ar; includeInIndex = 0; path = librealsense.a; sourceTree = BUILT_PRODUCTS_DIR; };
		08567BE81B5B5B4E00EB6C0D /* libuvc_config.h */ = {isa = PBXFileReference; fileEncoding = 4; lastKnownFileType = sourcecode.c.h; name = libuvc_config.h; path = third_party/libuvc/include/libuvc/libuvc_config.h; sourceTree = "<group>"; };
		08567BE91B5B5B4E00EB6C0D /* libuvc_internal.h */ = {isa = PBXFileReference; fileEncoding = 4; lastKnownFileType = sourcecode.c.h; name = libuvc_internal.h; path = third_party/libuvc/include/libuvc/libuvc_internal.h; sourceTree = "<group>"; };
		08567BEA1B5B5B4E00EB6C0D /* libuvc.h */ = {isa = PBXFileReference; fileEncoding = 4; lastKnownFileType = sourcecode.c.h; name = libuvc.h; path = third_party/libuvc/include/libuvc/libuvc.h; sourceTree = "<group>"; };
		08567BEF1B5B5B5D00EB6C0D /* ctrl.c */ = {isa = PBXFileReference; fileEncoding = 4; lastKnownFileType = sourcecode.c.c; name = ctrl.c; path = third_party/libuvc/src/ctrl.c; sourceTree = SOURCE_ROOT; };
		08567BF01B5B5B5D00EB6C0D /* device.c */ = {isa = PBXFileReference; fileEncoding = 4; lastKnownFileType = sourcecode.c.c; name = device.c; path = third_party/libuvc/src/device.c; sourceTree = SOURCE_ROOT; };
		08567BF11B5B5B5D00EB6C0D /* diag.c */ = {isa = PBXFileReference; fileEncoding = 4; lastKnownFileType = sourcecode.c.c; name = diag.c; path = third_party/libuvc/src/diag.c; sourceTree = SOURCE_ROOT; };
		08567BF41B5B5B5D00EB6C0D /* frame.c */ = {isa = PBXFileReference; fileEncoding = 4; lastKnownFileType = sourcecode.c.c; name = frame.c; path = third_party/libuvc/src/frame.c; sourceTree = SOURCE_ROOT; };
		08567BF51B5B5B5D00EB6C0D /* init.c */ = {isa = PBXFileReference; fileEncoding = 4; lastKnownFileType = sourcecode.c.c; name = init.c; path = third_party/libuvc/src/init.c; sourceTree = SOURCE_ROOT; };
		08567BF61B5B5B5D00EB6C0D /* misc.c */ = {isa = PBXFileReference; fileEncoding = 4; lastKnownFileType = sourcecode.c.c; name = misc.c; path = third_party/libuvc/src/misc.c; sourceTree = SOURCE_ROOT; };
		08567BF71B5B5B5D00EB6C0D /* stream.c */ = {isa = PBXFileReference; fileEncoding = 4; lastKnownFileType = sourcecode.c.c; name = stream.c; path = third_party/libuvc/src/stream.c; sourceTree = SOURCE_ROOT; };
		08567C381B61E78D00EB6C0D /* Common.h */ = {isa = PBXFileReference; fileEncoding = 4; lastKnownFileType = sourcecode.c.h; name = Common.h; path = include/librealsense/Common.h; sourceTree = SOURCE_ROOT; };
		08567C391B61E78D00EB6C0D /* UVCCamera.h */ = {isa = PBXFileReference; fileEncoding = 4; lastKnownFileType = sourcecode.c.h; name = UVCCamera.h; path = include/librealsense/UVCCamera.h; sourceTree = SOURCE_ROOT; };
		08567C3D1B61E79400EB6C0D /* F200.h */ = {isa = PBXFileReference; fileEncoding = 4; lastKnownFileType = sourcecode.c.h; name = F200.h; path = include/librealsense/F200/F200.h; sourceTree = SOURCE_ROOT; };
		08567C3F1B61E79C00EB6C0D /* CalibParams.h */ = {isa = PBXFileReference; fileEncoding = 4; lastKnownFileType = sourcecode.c.h; name = CalibParams.h; path = include/librealsense/R200/CalibParams.h; sourceTree = SOURCE_ROOT; };
		08567C401B61E79C00EB6C0D /* CalibIO.h */ = {isa = PBXFileReference; fileEncoding = 4; lastKnownFileType = sourcecode.c.h; name = CalibIO.h; path = include/librealsense/R200/CalibIO.h; sourceTree = SOURCE_ROOT; };
		08567C411B61E79C00EB6C0D /* CameraHeader.h */ = {isa = PBXFileReference; fileEncoding = 4; lastKnownFileType = sourcecode.c.h; name = CameraHeader.h; path = include/librealsense/R200/CameraHeader.h; sourceTree = SOURCE_ROOT; };
		08567C421B61E79C00EB6C0D /* SPI.h */ = {isa = PBXFileReference; fileEncoding = 4; lastKnownFileType = sourcecode.c.h; name = SPI.h; path = include/librealsense/R200/SPI.h; sourceTree = SOURCE_ROOT; };
		08567C431B61E79C00EB6C0D /* XU.h */ = {isa = PBXFileReference; fileEncoding = 4; lastKnownFileType = sourcecode.c.h; name = XU.h; path = include/librealsense/R200/XU.h; sourceTree = SOURCE_ROOT; };
		08567C441B61E79C00EB6C0D /* R200.h */ = {isa = PBXFileReference; fileEncoding = 4; lastKnownFileType = sourcecode.c.h; name = R200.h; path = include/librealsense/R200/R200.h; sourceTree = SOURCE_ROOT; };
		08567C4C1B61E8B400EB6C0D /* UVCCamera.cpp */ = {isa = PBXFileReference; fileEncoding = 4; lastKnownFileType = sourcecode.cpp.cpp; name = UVCCamera.cpp; path = src/UVCCamera.cpp; sourceTree = SOURCE_ROOT; };
		08567C4F1B61E8BA00EB6C0D /* F200.cpp */ = {isa = PBXFileReference; fileEncoding = 4; lastKnownFileType = sourcecode.cpp.cpp; name = F200.cpp; path = src/F200/F200.cpp; sourceTree = SOURCE_ROOT; };
		08567C511B61E8C000EB6C0D /* SPI.cpp */ = {isa = PBXFileReference; fileEncoding = 4; lastKnownFileType = sourcecode.cpp.cpp; name = SPI.cpp; path = src/R200/SPI.cpp; sourceTree = SOURCE_ROOT; };
		08567C521B61E8C000EB6C0D /* XU.cpp */ = {isa = PBXFileReference; fileEncoding = 4; lastKnownFileType = sourcecode.cpp.cpp; name = XU.cpp; path = src/R200/XU.cpp; sourceTree = SOURCE_ROOT; };
		08567C531B61E8C000EB6C0D /* R200.cpp */ = {isa = PBXFileReference; fileEncoding = 4; lastKnownFileType = sourcecode.cpp.cpp; name = R200.cpp; path = src/R200/R200.cpp; sourceTree = SOURCE_ROOT; };
		27D08BCD1B6B050E003E9FB5 /* CalibParams.h */ = {isa = PBXFileReference; fileEncoding = 4; lastKnownFileType = sourcecode.c.h; name = CalibParams.h; path = include/librealsense/F200/CalibParams.h; sourceTree = SOURCE_ROOT; };
		27D08BD11B6B05E1003E9FB5 /* Projection.h */ = {isa = PBXFileReference; fileEncoding = 4; lastKnownFileType = sourcecode.c.h; name = Projection.h; path = include/librealsense/F200/Projection.h; sourceTree = SOURCE_ROOT; };
		27F24EA61B79492300BF4D43 /* CalibParams.cpp */ = {isa = PBXFileReference; fileEncoding = 4; lastKnownFileType = sourcecode.cpp.cpp; name = CalibParams.cpp; path = src/F200/CalibParams.cpp; sourceTree = SOURCE_ROOT; };
		27F24EA81B79662500BF4D43 /* Calibration.h */ = {isa = PBXFileReference; fileEncoding = 4; lastKnownFileType = sourcecode.c.h; name = Calibration.h; path = include/librealsense/F200/Calibration.h; sourceTree = SOURCE_ROOT; };
		27F24EAA1B797E5C00BF4D43 /* Projection.cpp */ = {isa = PBXFileReference; fileEncoding = 4; lastKnownFileType = sourcecode.cpp.cpp; name = Projection.cpp; path = src/F200/Projection.cpp; sourceTree = SOURCE_ROOT; };
		27F24EAC1B7A687A00BF4D43 /* F200Types.h */ = {isa = PBXFileReference; fileEncoding = 4; lastKnownFileType = sourcecode.c.h; name = F200Types.h; path = include/librealsense/F200/F200Types.h; sourceTree = SOURCE_ROOT; };
		27F24EAE1B7A784E00BF4D43 /* rs-internal.h */ = {isa = PBXFileReference; fileEncoding = 4; lastKnownFileType = sourcecode.c.h; name = "rs-internal.h"; path = "src/rs-internal.h"; sourceTree = SOURCE_ROOT; };
		27F24EAF1B7A784E00BF4D43 /* rs.cpp */ = {isa = PBXFileReference; fileEncoding = 4; lastKnownFileType = sourcecode.cpp.cpp; name = rs.cpp; path = src/rs.cpp; sourceTree = SOURCE_ROOT; };
/* End PBXFileReference section */

/* Begin PBXFrameworksBuildPhase section */
		08567BC11B5B5A0200EB6C0D /* Frameworks */ = {
			isa = PBXFrameworksBuildPhase;
			buildActionMask = 2147483647;
			files = (
			);
			runOnlyForDeploymentPostprocessing = 0;
		};
/* End PBXFrameworksBuildPhase section */

/* Begin PBXGroup section */
		08567BBB1B5B5A0200EB6C0D = {
			isa = PBXGroup;
			children = (
				08567BE61B5B5B2800EB6C0D /* libuvc */,
				08567BC61B5B5A0200EB6C0D /* librealsense */,
				08567BC51B5B5A0200EB6C0D /* Products */,
			);
			sourceTree = "<group>";
		};
		08567BC51B5B5A0200EB6C0D /* Products */ = {
			isa = PBXGroup;
			children = (
				08567BC41B5B5A0200EB6C0D /* librealsense.a */,
			);
			name = Products;
			sourceTree = "<group>";
		};
		08567BC61B5B5A0200EB6C0D /* librealsense */ = {
			isa = PBXGroup;
			children = (
				08567C311B61E69E00EB6C0D /* include */,
				08567C341B61E6B900EB6C0D /* src */,
			);
			path = librealsense;
			sourceTree = "<group>";
		};
		08567BE61B5B5B2800EB6C0D /* libuvc */ = {
			isa = PBXGroup;
			children = (
				08567BEE1B5B5B5100EB6C0D /* src */,
				08567BE71B5B5B4100EB6C0D /* include */,
			);
			name = libuvc;
			sourceTree = "<group>";
		};
		08567BE71B5B5B4100EB6C0D /* include */ = {
			isa = PBXGroup;
			children = (
				08567BE81B5B5B4E00EB6C0D /* libuvc_config.h */,
				08567BE91B5B5B4E00EB6C0D /* libuvc_internal.h */,
				08567BEA1B5B5B4E00EB6C0D /* libuvc.h */,
			);
			name = include;
			sourceTree = "<group>";
		};
		08567BEE1B5B5B5100EB6C0D /* src */ = {
			isa = PBXGroup;
			children = (
				08567BEF1B5B5B5D00EB6C0D /* ctrl.c */,
				08567BF01B5B5B5D00EB6C0D /* device.c */,
				08567BF11B5B5B5D00EB6C0D /* diag.c */,
				08567BF41B5B5B5D00EB6C0D /* frame.c */,
				08567BF51B5B5B5D00EB6C0D /* init.c */,
				08567BF61B5B5B5D00EB6C0D /* misc.c */,
				08567BF71B5B5B5D00EB6C0D /* stream.c */,
			);
			name = src;
			sourceTree = "<group>";
		};
		08567C311B61E69E00EB6C0D /* include */ = {
			isa = PBXGroup;
			children = (
				08567C391B61E78D00EB6C0D /* UVCCamera.h */,
				08567C381B61E78D00EB6C0D /* Common.h */,
				08567C321B61E6A600EB6C0D /* R200 */,
				08567C331B61E6AF00EB6C0D /* F200 */,
			);
			name = include;
			sourceTree = "<group>";
		};
		08567C321B61E6A600EB6C0D /* R200 */ = {
			isa = PBXGroup;
			children = (
				08567C3F1B61E79C00EB6C0D /* CalibParams.h */,
				08567C401B61E79C00EB6C0D /* CalibIO.h */,
				08567C411B61E79C00EB6C0D /* CameraHeader.h */,
				08567C421B61E79C00EB6C0D /* SPI.h */,
				08567C431B61E79C00EB6C0D /* XU.h */,
				08567C441B61E79C00EB6C0D /* R200.h */,
			);
			name = R200;
			sourceTree = "<group>";
		};
		08567C331B61E6AF00EB6C0D /* F200 */ = {
			isa = PBXGroup;
			children = (
				27F24EAC1B7A687A00BF4D43 /* F200Types.h */,
				08567C3D1B61E79400EB6C0D /* F200.h */,
				27D08BD11B6B05E1003E9FB5 /* Projection.h */,
				27F24EA81B79662500BF4D43 /* Calibration.h */,
				27D08BCD1B6B050E003E9FB5 /* CalibParams.h */,
			);
			name = F200;
			sourceTree = "<group>";
		};
		08567C341B61E6B900EB6C0D /* src */ = {
			isa = PBXGroup;
			children = (
				08567C4C1B61E8B400EB6C0D /* UVCCamera.cpp */,
				27F24EAE1B7A784E00BF4D43 /* rs-internal.h */,
				27F24EAF1B7A784E00BF4D43 /* rs.cpp */,
				08567C361B61E6C600EB6C0D /* R200 */,
				08567C351B61E6C100EB6C0D /* F200 */,
			);
			name = src;
			sourceTree = "<group>";
		};
		08567C351B61E6C100EB6C0D /* F200 */ = {
			isa = PBXGroup;
			children = (
				27F24EA61B79492300BF4D43 /* CalibParams.cpp */,
				27F24EAA1B797E5C00BF4D43 /* Projection.cpp */,
				08567C4F1B61E8BA00EB6C0D /* F200.cpp */,
			);
			name = F200;
			sourceTree = "<group>";
		};
		08567C361B61E6C600EB6C0D /* R200 */ = {
			isa = PBXGroup;
			children = (
				08567C511B61E8C000EB6C0D /* SPI.cpp */,
				08567C521B61E8C000EB6C0D /* XU.cpp */,
				08567C531B61E8C000EB6C0D /* R200.cpp */,
			);
			name = R200;
			sourceTree = "<group>";
		};
/* End PBXGroup section */

/* Begin PBXHeadersBuildPhase section */
		08567BC21B5B5A0200EB6C0D /* Headers */ = {
			isa = PBXHeadersBuildPhase;
			buildActionMask = 2147483647;
			files = (
				08567C4A1B61E79C00EB6C0D /* R200.h in Headers */,
				08567BEC1B5B5B4E00EB6C0D /* libuvc_internal.h in Headers */,
				08567BEB1B5B5B4E00EB6C0D /* libuvc_config.h in Headers */,
				08567C3B1B61E78D00EB6C0D /* Common.h in Headers */,
				27F24EAD1B7A687A00BF4D43 /* F200Types.h in Headers */,
				08567C491B61E79C00EB6C0D /* XU.h in Headers */,
				08567C451B61E79C00EB6C0D /* CalibParams.h in Headers */,
				08567C461B61E79C00EB6C0D /* CalibIO.h in Headers */,
				08567C3E1B61E79400EB6C0D /* F200.h in Headers */,
				27F24EA91B79662500BF4D43 /* Calibration.h in Headers */,
				27F24EB01B7A784E00BF4D43 /* rs-internal.h in Headers */,
				08567C471B61E79C00EB6C0D /* CameraHeader.h in Headers */,
				08567BED1B5B5B4E00EB6C0D /* libuvc.h in Headers */,
				08567C3C1B61E78D00EB6C0D /* UVCCamera.h in Headers */,
				08567C481B61E79C00EB6C0D /* SPI.h in Headers */,
				27D08BCE1B6B050E003E9FB5 /* CalibParams.h in Headers */,
				27D08BD21B6B05E1003E9FB5 /* Projection.h in Headers */,
			);
			runOnlyForDeploymentPostprocessing = 0;
		};
/* End PBXHeadersBuildPhase section */

/* Begin PBXNativeTarget section */
		08567BC31B5B5A0200EB6C0D /* librealsense */ = {
			isa = PBXNativeTarget;
			buildConfigurationList = 08567BCF1B5B5A0200EB6C0D /* Build configuration list for PBXNativeTarget "librealsense" */;
			buildPhases = (
				08567BC01B5B5A0200EB6C0D /* Sources */,
				08567BC11B5B5A0200EB6C0D /* Frameworks */,
				08567BC21B5B5A0200EB6C0D /* Headers */,
			);
			buildRules = (
			);
			dependencies = (
			);
			name = librealsense;
			productName = librealsense;
			productReference = 08567BC41B5B5A0200EB6C0D /* librealsense.a */;
			productType = "com.apple.product-type.library.static";
		};
/* End PBXNativeTarget section */

/* Begin PBXProject section */
		08567BBC1B5B5A0200EB6C0D /* Project object */ = {
			isa = PBXProject;
			attributes = {
				LastUpgradeCheck = 0620;
				ORGANIZATIONNAME = "Dimitri Diakopoulos";
				TargetAttributes = {
					08567BC31B5B5A0200EB6C0D = {
						CreatedOnToolsVersion = 6.2;
					};
				};
			};
			buildConfigurationList = 08567BBF1B5B5A0200EB6C0D /* Build configuration list for PBXProject "librealsense" */;
			compatibilityVersion = "Xcode 3.2";
			developmentRegion = English;
			hasScannedForEncodings = 0;
			knownRegions = (
				en,
			);
			mainGroup = 08567BBB1B5B5A0200EB6C0D;
			productRefGroup = 08567BC51B5B5A0200EB6C0D /* Products */;
			projectDirPath = "";
			projectRoot = "";
			targets = (
				08567BC31B5B5A0200EB6C0D /* librealsense */,
			);
		};
/* End PBXProject section */

/* Begin PBXSourcesBuildPhase section */
		08567BC01B5B5A0200EB6C0D /* Sources */ = {
			isa = PBXSourcesBuildPhase;
			buildActionMask = 2147483647;
			files = (
				27F24EB11B7A784E00BF4D43 /* rs.cpp in Sources */,
				08567C551B61E8C000EB6C0D /* XU.cpp in Sources */,
				27F24EAB1B797E5C00BF4D43 /* Projection.cpp in Sources */,
				08567C4E1B61E8B400EB6C0D /* UVCCamera.cpp in Sources */,
				08567BF91B5B5B5D00EB6C0D /* ctrl.c in Sources */,
				08567C541B61E8C000EB6C0D /* SPI.cpp in Sources */,
				08567BFE1B5B5B5D00EB6C0D /* frame.c in Sources */,
				08567C001B5B5B5D00EB6C0D /* misc.c in Sources */,
				08567C011B5B5B5D00EB6C0D /* stream.c in Sources */,
				08567C561B61E8C000EB6C0D /* R200.cpp in Sources */,
				27F24EA71B79492300BF4D43 /* CalibParams.cpp in Sources */,
				08567BFB1B5B5B5D00EB6C0D /* diag.c in Sources */,
				08567BFF1B5B5B5D00EB6C0D /* init.c in Sources */,
				08567BFA1B5B5B5D00EB6C0D /* device.c in Sources */,
				08567C501B61E8BA00EB6C0D /* F200.cpp in Sources */,
			);
			runOnlyForDeploymentPostprocessing = 0;
		};
/* End PBXSourcesBuildPhase section */

/* Begin XCBuildConfiguration section */
		08567BCD1B5B5A0200EB6C0D /* Debug */ = {
			isa = XCBuildConfiguration;
			buildSettings = {
				ALWAYS_SEARCH_USER_PATHS = NO;
				CLANG_CXX_LANGUAGE_STANDARD = "gnu++0x";
				CLANG_CXX_LIBRARY = "libc++";
				CLANG_ENABLE_MODULES = YES;
				CLANG_ENABLE_OBJC_ARC = YES;
				CLANG_WARN_BOOL_CONVERSION = YES;
				CLANG_WARN_CONSTANT_CONVERSION = YES;
				CLANG_WARN_DIRECT_OBJC_ISA_USAGE = YES_ERROR;
				CLANG_WARN_EMPTY_BODY = YES;
				CLANG_WARN_ENUM_CONVERSION = YES;
				CLANG_WARN_INT_CONVERSION = YES;
				CLANG_WARN_OBJC_ROOT_CLASS = YES_ERROR;
				CLANG_WARN_UNREACHABLE_CODE = YES;
				CLANG_WARN__DUPLICATE_METHOD_MATCH = YES;
				COPY_PHASE_STRIP = NO;
				ENABLE_STRICT_OBJC_MSGSEND = YES;
				GCC_C_LANGUAGE_STANDARD = gnu99;
				GCC_DYNAMIC_NO_PIC = NO;
				GCC_OPTIMIZATION_LEVEL = 0;
				GCC_PREPROCESSOR_DEFINITIONS = (
					"DEBUG=1",
					UVC_DEBUGGING,
					"$(inherited)",
				);
				GCC_SYMBOLS_PRIVATE_EXTERN = NO;
				GCC_WARN_64_TO_32_BIT_CONVERSION = YES;
				GCC_WARN_ABOUT_RETURN_TYPE = YES_ERROR;
				GCC_WARN_UNDECLARED_SELECTOR = YES;
				GCC_WARN_UNINITIALIZED_AUTOS = YES_AGGRESSIVE;
				GCC_WARN_UNUSED_FUNCTION = YES;
				GCC_WARN_UNUSED_VARIABLE = YES;
				HEADER_SEARCH_PATHS = (
					"$(inherited)",
					/Applications/Xcode.app/Contents/Developer/Toolchains/XcodeDefault.xctoolchain/usr/include,
					"$(SRCROOT)/../third_party/libuvc/include",
					/usr/local/Cellar/libusb/1.0.19/include/,
				);
				LIBRARY_SEARCH_PATHS = /usr/local/Cellar/libusb/1.0.19/lib;
				MACOSX_DEPLOYMENT_TARGET = 10.10;
				MTL_ENABLE_DEBUG_INFO = YES;
				ONLY_ACTIVE_ARCH = YES;
				SDKROOT = macosx;
			};
			name = Debug;
		};
		08567BCE1B5B5A0200EB6C0D /* Release */ = {
			isa = XCBuildConfiguration;
			buildSettings = {
				ALWAYS_SEARCH_USER_PATHS = NO;
				CLANG_CXX_LANGUAGE_STANDARD = "gnu++0x";
				CLANG_CXX_LIBRARY = "libc++";
				CLANG_ENABLE_MODULES = YES;
				CLANG_ENABLE_OBJC_ARC = YES;
				CLANG_WARN_BOOL_CONVERSION = YES;
				CLANG_WARN_CONSTANT_CONVERSION = YES;
				CLANG_WARN_DIRECT_OBJC_ISA_USAGE = YES_ERROR;
				CLANG_WARN_EMPTY_BODY = YES;
				CLANG_WARN_ENUM_CONVERSION = YES;
				CLANG_WARN_INT_CONVERSION = YES;
				CLANG_WARN_OBJC_ROOT_CLASS = YES_ERROR;
				CLANG_WARN_UNREACHABLE_CODE = YES;
				CLANG_WARN__DUPLICATE_METHOD_MATCH = YES;
				COPY_PHASE_STRIP = NO;
				DEBUG_INFORMATION_FORMAT = "dwarf-with-dsym";
				ENABLE_NS_ASSERTIONS = NO;
				ENABLE_STRICT_OBJC_MSGSEND = YES;
				GCC_C_LANGUAGE_STANDARD = gnu99;
				GCC_WARN_64_TO_32_BIT_CONVERSION = YES;
				GCC_WARN_ABOUT_RETURN_TYPE = YES_ERROR;
				GCC_WARN_UNDECLARED_SELECTOR = YES;
				GCC_WARN_UNINITIALIZED_AUTOS = YES_AGGRESSIVE;
				GCC_WARN_UNUSED_FUNCTION = YES;
				GCC_WARN_UNUSED_VARIABLE = YES;
				HEADER_SEARCH_PATHS = (
					"$(inherited)",
					/Applications/Xcode.app/Contents/Developer/Toolchains/XcodeDefault.xctoolchain/usr/include,
					"$(SRCROOT)/../third_party/libuvc/include",
					/usr/local/Cellar/libusb/1.0.19/include/,
				);
				LIBRARY_SEARCH_PATHS = /usr/local/Cellar/libusb/1.0.19/lib;
				MACOSX_DEPLOYMENT_TARGET = 10.10;
				MTL_ENABLE_DEBUG_INFO = NO;
				SDKROOT = macosx;
			};
			name = Release;
		};
		08567BD01B5B5A0200EB6C0D /* Debug */ = {
			isa = XCBuildConfiguration;
			buildSettings = {
				EXECUTABLE_PREFIX = "";
				GCC_ENABLE_CPP_EXCEPTIONS = YES;
				GCC_ENABLE_CPP_RTTI = YES;
				GCC_SYMBOLS_PRIVATE_EXTERN = NO;
				HEADER_SEARCH_PATHS = (
					"$(inherited)",
					"$(SRCROOT)/include/**",
					"$(SRCROOT)/third_party/libuvc/include",
					/usr/local/Cellar/libusb/1.0.19/include/,
					/Applications/Xcode.app/Contents/Developer/Toolchains/XcodeDefault.xctoolchain/usr/include,
				);
				PRODUCT_NAME = "$(TARGET_NAME)";
			};
			name = Debug;
		};
		08567BD11B5B5A0200EB6C0D /* Release */ = {
			isa = XCBuildConfiguration;
			buildSettings = {
				EXECUTABLE_PREFIX = "";
				GCC_ENABLE_CPP_EXCEPTIONS = YES;
				GCC_ENABLE_CPP_RTTI = YES;
				GCC_SYMBOLS_PRIVATE_EXTERN = NO;
				HEADER_SEARCH_PATHS = (
					"$(inherited)",
					"$(SRCROOT)/include/**",
					"$(SRCROOT)/third_party/libuvc/include",
					/usr/local/Cellar/libusb/1.0.19/include/,
					/Applications/Xcode.app/Contents/Developer/Toolchains/XcodeDefault.xctoolchain/usr/include,
				);
				PRODUCT_NAME = "$(TARGET_NAME)";
			};
			name = Release;
		};
/* End XCBuildConfiguration section */

/* Begin XCConfigurationList section */
		08567BBF1B5B5A0200EB6C0D /* Build configuration list for PBXProject "librealsense" */ = {
			isa = XCConfigurationList;
			buildConfigurations = (
				08567BCD1B5B5A0200EB6C0D /* Debug */,
				08567BCE1B5B5A0200EB6C0D /* Release */,
			);
			defaultConfigurationIsVisible = 0;
			defaultConfigurationName = Release;
		};
		08567BCF1B5B5A0200EB6C0D /* Build configuration list for PBXNativeTarget "librealsense" */ = {
			isa = XCConfigurationList;
			buildConfigurations = (
				08567BD01B5B5A0200EB6C0D /* Debug */,
				08567BD11B5B5A0200EB6C0D /* Release */,
			);
			defaultConfigurationIsVisible = 0;
			defaultConfigurationName = Release;
		};
/* End XCConfigurationList section */
	};
	rootObject = 08567BBC1B5B5A0200EB6C0D /* Project object */;
}
