// !$*UTF8*$!
{
	archiveVersion = 1;
	classes = {
	};
	objectVersion = 46;
	objects = {

/* Begin PBXBuildFile section */
		08567C091B5B898400EB6C0D /* Cocoa.framework in Frameworks */ = {isa = PBXBuildFile; fileRef = 08567C081B5B898400EB6C0D /* Cocoa.framework */; };
		08567C0D1B5B899200EB6C0D /* IOKit.framework in Frameworks */ = {isa = PBXBuildFile; fileRef = 08567C0C1B5B899200EB6C0D /* IOKit.framework */; };
		2799858F1B95088B00894334 /* librealsense.dylib in Frameworks */ = {isa = PBXBuildFile; fileRef = 2799858E1B95088B00894334 /* librealsense.dylib */; };
		8C7307331BE03474003BB7DE /* unit-tests-offline.cpp in Sources */ = {isa = PBXBuildFile; fileRef = 8C7307321BE03474003BB7DE /* unit-tests-offline.cpp */; };
/* End PBXBuildFile section */

/* Begin PBXCopyFilesBuildPhase section */
		08567BAF1B5B59E800EB6C0D /* CopyFiles */ = {
			isa = PBXCopyFilesBuildPhase;
			buildActionMask = 2147483647;
			dstPath = /usr/share/man/man1/;
			dstSubfolderSpec = 0;
			files = (
			);
			runOnlyForDeploymentPostprocessing = 1;
		};
/* End PBXCopyFilesBuildPhase section */

/* Begin PBXFileReference section */
		08567BB11B5B59E800EB6C0D /* unit-tests-offline */ = {isa = PBXFileReference; explicitFileType = "compiled.mach-o.executable"; includeInIndex = 0; path = "unit-tests-offline"; sourceTree = BUILT_PRODUCTS_DIR; };
		08567C081B5B898400EB6C0D /* Cocoa.framework */ = {isa = PBXFileReference; lastKnownFileType = wrapper.framework; name = Cocoa.framework; path = System/Library/Frameworks/Cocoa.framework; sourceTree = SDKROOT; };
		08567C0C1B5B899200EB6C0D /* IOKit.framework */ = {isa = PBXFileReference; lastKnownFileType = wrapper.framework; name = IOKit.framework; path = System/Library/Frameworks/IOKit.framework; sourceTree = SDKROOT; };
		2799858E1B95088B00894334 /* librealsense.dylib */ = {isa = PBXFileReference; lastKnownFileType = "compiled.mach-o.dylib"; name = librealsense.dylib; path = librealsense.xc/build/Debug/librealsense.dylib; sourceTree = "<group>"; };
		8C7307311BE03455003BB7DE /* unit-tests-common.h */ = {isa = PBXFileReference; lastKnownFileType = sourcecode.c.h; name = "unit-tests-common.h"; path = "../unit-tests/unit-tests-common.h"; sourceTree = SOURCE_ROOT; };
		8C7307321BE03474003BB7DE /* unit-tests-offline.cpp */ = {isa = PBXFileReference; fileEncoding = 4; lastKnownFileType = sourcecode.cpp.cpp; name = "unit-tests-offline.cpp"; path = "../unit-tests/unit-tests-offline.cpp"; sourceTree = SOURCE_ROOT; };
/* End PBXFileReference section */

/* Begin PBXFrameworksBuildPhase section */
		08567BAE1B5B59E800EB6C0D /* Frameworks */ = {
			isa = PBXFrameworksBuildPhase;
			buildActionMask = 2147483647;
			files = (
				2799858F1B95088B00894334 /* librealsense.dylib in Frameworks */,
				08567C0D1B5B899200EB6C0D /* IOKit.framework in Frameworks */,
				08567C091B5B898400EB6C0D /* Cocoa.framework in Frameworks */,
			);
			runOnlyForDeploymentPostprocessing = 0;
		};
/* End PBXFrameworksBuildPhase section */

/* Begin PBXGroup section */
		08567BA81B5B59E800EB6C0D = {
			isa = PBXGroup;
			children = (
				08567BD41B5B5A5400EB6C0D /* third_party */,
				08567BB31B5B59E800EB6C0D /* src */,
				08567BB21B5B59E800EB6C0D /* Products */,
			);
			sourceTree = "<group>";
		};
		08567BB21B5B59E800EB6C0D /* Products */ = {
			isa = PBXGroup;
			children = (
				08567BB11B5B59E800EB6C0D /* unit-tests-offline */,
			);
			name = Products;
			sourceTree = "<group>";
		};
		08567BB31B5B59E800EB6C0D /* src */ = {
			isa = PBXGroup;
			children = (
				8C7307321BE03474003BB7DE /* unit-tests-offline.cpp */,
				8C7307311BE03455003BB7DE /* unit-tests-common.h */,
			);
			name = src;
			path = "example-cpp";
			sourceTree = "<group>";
		};
		08567BD41B5B5A5400EB6C0D /* third_party */ = {
			isa = PBXGroup;
			children = (
				08567C2E1B61D82D00EB6C0D /* frameworks */,
				08567C2D1B61D82000EB6C0D /* libs */,
			);
			name = third_party;
			sourceTree = "<group>";
		};
		08567C2D1B61D82000EB6C0D /* libs */ = {
			isa = PBXGroup;
			children = (
				2799858E1B95088B00894334 /* librealsense.dylib */,
			);
			name = libs;
			path = ..;
			sourceTree = "<group>";
		};
		08567C2E1B61D82D00EB6C0D /* frameworks */ = {
			isa = PBXGroup;
			children = (
				08567C0C1B5B899200EB6C0D /* IOKit.framework */,
				08567C081B5B898400EB6C0D /* Cocoa.framework */,
			);
			name = frameworks;
			sourceTree = "<group>";
		};
/* End PBXGroup section */

/* Begin PBXNativeTarget section */
		08567BB01B5B59E800EB6C0D /* unit-tests-offline */ = {
			isa = PBXNativeTarget;
			buildConfigurationList = 08567BB81B5B59E800EB6C0D /* Build configuration list for PBXNativeTarget "unit-tests-offline" */;
			buildPhases = (
				08567BAD1B5B59E800EB6C0D /* Sources */,
				08567BAE1B5B59E800EB6C0D /* Frameworks */,
				08567BAF1B5B59E800EB6C0D /* CopyFiles */,
			);
			buildRules = (
			);
			dependencies = (
			);
			name = "unit-tests-offline";
			productName = "example-cpp";
			productReference = 08567BB11B5B59E800EB6C0D /* unit-tests-offline */;
			productType = "com.apple.product-type.tool";
		};
/* End PBXNativeTarget section */

/* Begin PBXProject section */
		08567BA91B5B59E800EB6C0D /* Project object */ = {
			isa = PBXProject;
			attributes = {
				LastUpgradeCheck = 0620;
				ORGANIZATIONNAME = "Dimitri Diakopoulos";
				TargetAttributes = {
					08567BB01B5B59E800EB6C0D = {
						CreatedOnToolsVersion = 6.2;
					};
				};
			};
			buildConfigurationList = 08567BAC1B5B59E800EB6C0D /* Build configuration list for PBXProject "unit-tests-offline" */;
			compatibilityVersion = "Xcode 3.2";
			developmentRegion = English;
			hasScannedForEncodings = 0;
			knownRegions = (
				en,
			);
			mainGroup = 08567BA81B5B59E800EB6C0D;
			productRefGroup = 08567BB21B5B59E800EB6C0D /* Products */;
			projectDirPath = "";
			projectRoot = "";
			targets = (
				08567BB01B5B59E800EB6C0D /* unit-tests-offline */,
			);
		};
/* End PBXProject section */

/* Begin PBXSourcesBuildPhase section */
		08567BAD1B5B59E800EB6C0D /* Sources */ = {
			isa = PBXSourcesBuildPhase;
			buildActionMask = 2147483647;
			files = (
				8C7307331BE03474003BB7DE /* unit-tests-offline.cpp in Sources */,
			);
			runOnlyForDeploymentPostprocessing = 0;
		};
/* End PBXSourcesBuildPhase section */

/* Begin XCBuildConfiguration section */
		08567BB61B5B59E800EB6C0D /* Debug */ = {
			isa = XCBuildConfiguration;
			buildSettings = {
				ALWAYS_SEARCH_USER_PATHS = NO;
				CLANG_CXX_LANGUAGE_STANDARD = "gnu++0x";
				CLANG_CXX_LIBRARY = "libc++";
				CLANG_ENABLE_MODULES = YES;
				CLANG_ENABLE_OBJC_ARC = YES;
				CLANG_WARN_BOOL_CONVERSION = YES;
				CLANG_WARN_CONSTANT_CONVERSION = YES;
				CLANG_WARN_DIRECT_OBJC_ISA_USAGE = YES_ERROR;
				CLANG_WARN_EMPTY_BODY = YES;
				CLANG_WARN_ENUM_CONVERSION = YES;
				CLANG_WARN_INT_CONVERSION = YES;
				CLANG_WARN_OBJC_ROOT_CLASS = YES_ERROR;
				CLANG_WARN_UNREACHABLE_CODE = YES;
				CLANG_WARN__DUPLICATE_METHOD_MATCH = YES;
				COPY_PHASE_STRIP = NO;
				ENABLE_STRICT_OBJC_MSGSEND = YES;
				GCC_C_LANGUAGE_STANDARD = gnu99;
				GCC_DYNAMIC_NO_PIC = NO;
				GCC_OPTIMIZATION_LEVEL = 0;
				GCC_PREPROCESSOR_DEFINITIONS = (
					"DEBUG=1",
					"$(inherited)",
				);
				GCC_SYMBOLS_PRIVATE_EXTERN = NO;
				GCC_WARN_64_TO_32_BIT_CONVERSION = YES;
				GCC_WARN_ABOUT_RETURN_TYPE = YES_ERROR;
				GCC_WARN_UNDECLARED_SELECTOR = YES;
				GCC_WARN_UNINITIALIZED_AUTOS = YES_AGGRESSIVE;
				GCC_WARN_UNUSED_FUNCTION = YES;
				GCC_WARN_UNUSED_VARIABLE = YES;
				HEADER_SEARCH_PATHS = (
					"$(inherited)",
					/Applications/Xcode.app/Contents/Developer/Toolchains/XcodeDefault.xctoolchain/usr/include,
					"$(SRCROOT)/../third_party/libuvc/include",
					"$(SRCROOT)/../third_party/glfw",
					"$(SRCROOT)/../third_party/catch",
					"$(SRCROOT)/../include",
				);
				MACOSX_DEPLOYMENT_TARGET = 10.10;
				MTL_ENABLE_DEBUG_INFO = YES;
				ONLY_ACTIVE_ARCH = YES;
				SDKROOT = macosx;
			};
			name = Debug;
		};
		08567BB71B5B59E800EB6C0D /* Release */ = {
			isa = XCBuildConfiguration;
			buildSettings = {
				ALWAYS_SEARCH_USER_PATHS = NO;
				CLANG_CXX_LANGUAGE_STANDARD = "gnu++0x";
				CLANG_CXX_LIBRARY = "libc++";
				CLANG_ENABLE_MODULES = YES;
				CLANG_ENABLE_OBJC_ARC = YES;
				CLANG_WARN_BOOL_CONVERSION = YES;
				CLANG_WARN_CONSTANT_CONVERSION = YES;
				CLANG_WARN_DIRECT_OBJC_ISA_USAGE = YES_ERROR;
				CLANG_WARN_EMPTY_BODY = YES;
				CLANG_WARN_ENUM_CONVERSION = YES;
				CLANG_WARN_INT_CONVERSION = YES;
				CLANG_WARN_OBJC_ROOT_CLASS = YES_ERROR;
				CLANG_WARN_UNREACHABLE_CODE = YES;
				CLANG_WARN__DUPLICATE_METHOD_MATCH = YES;
				COPY_PHASE_STRIP = NO;
				DEBUG_INFORMATION_FORMAT = "dwarf-with-dsym";
				ENABLE_NS_ASSERTIONS = NO;
				ENABLE_STRICT_OBJC_MSGSEND = YES;
				GCC_C_LANGUAGE_STANDARD = gnu99;
				GCC_WARN_64_TO_32_BIT_CONVERSION = YES;
				GCC_WARN_ABOUT_RETURN_TYPE = YES_ERROR;
				GCC_WARN_UNDECLARED_SELECTOR = YES;
				GCC_WARN_UNINITIALIZED_AUTOS = YES_AGGRESSIVE;
				GCC_WARN_UNUSED_FUNCTION = YES;
				GCC_WARN_UNUSED_VARIABLE = YES;
				HEADER_SEARCH_PATHS = (
					"$(inherited)",
					/Applications/Xcode.app/Contents/Developer/Toolchains/XcodeDefault.xctoolchain/usr/include,
					"$(SRCROOT)/../third_party/libuvc/include",
					"$(SRCROOT)/../third_party/glfw",
					"$(SRCROOT)/../third_party/catch",
					"$(SRCROOT)/../include",
				);
				MACOSX_DEPLOYMENT_TARGET = 10.10;
				MTL_ENABLE_DEBUG_INFO = NO;
				SDKROOT = macosx;
			};
			name = Release;
		};
		08567BB91B5B59E800EB6C0D /* Debug */ = {
			isa = XCBuildConfiguration;
			buildSettings = {
				HEADER_SEARCH_PATHS = (
					"$(inherited)",
					"$(SRCROOT)/../include",
					/usr/local/Cellar/libusb/1.0.19/include/,
					/Applications/Xcode.app/Contents/Developer/Toolchains/XcodeDefault.xctoolchain/usr/include,
				);
				LIBRARY_SEARCH_PATHS = (
					"$(inherited)",
					"$(SRCROOT)/../librealsense/build/Debug",
					"$(SRCROOT)/../bin",
					/usr/local/Cellar/libusb/1.0.19/lib,
					"$(USER_LIBRARY_DIR)/Developer/Xcode/DerivedData/bin/Debug",
					"$(PROJECT_DIR)/build/Debug",
				);
				PRODUCT_NAME = "unit-tests-offline";
			};
			name = Debug;
		};
		08567BBA1B5B59E800EB6C0D /* Release */ = {
			isa = XCBuildConfiguration;
			buildSettings = {
				HEADER_SEARCH_PATHS = (
					"$(inherited)",
					"$(SRCROOT)/../include",
					/usr/local/Cellar/libusb/1.0.19/include/,
					/Applications/Xcode.app/Contents/Developer/Toolchains/XcodeDefault.xctoolchain/usr/include,
				);
				LIBRARY_SEARCH_PATHS = (
					"$(inherited)",
					"$(SRCROOT)/../librealsense/build/Debug",
					"$(SRCROOT)/../bin",
					/usr/local/Cellar/libusb/1.0.19/lib,
					"$(USER_LIBRARY_DIR)/Developer/Xcode/DerivedData/bin/Debug",
					"$(PROJECT_DIR)/build/Debug",
				);
				PRODUCT_NAME = "unit-tests-offline";
			};
			name = Release;
		};
/* End XCBuildConfiguration section */

/* Begin XCConfigurationList section */
		08567BAC1B5B59E800EB6C0D /* Build configuration list for PBXProject "unit-tests-offline" */ = {
			isa = XCConfigurationList;
			buildConfigurations = (
				08567BB61B5B59E800EB6C0D /* Debug */,
				08567BB71B5B59E800EB6C0D /* Release */,
			);
			defaultConfigurationIsVisible = 0;
			defaultConfigurationName = Release;
		};
		08567BB81B5B59E800EB6C0D /* Build configuration list for PBXNativeTarget "unit-tests-offline" */ = {
			isa = XCConfigurationList;
			buildConfigurations = (
				08567BB91B5B59E800EB6C0D /* Debug */,
				08567BBA1B5B59E800EB6C0D /* Release */,
			);
			defaultConfigurationIsVisible = 0;
			defaultConfigurationName = Release;
		};
/* End XCConfigurationList section */
	};
	rootObject = 08567BA91B5B59E800EB6C0D /* Project object */;
}
